// !$*UTF8*$!
{
	archiveVersion = 1;
	classes = {
	};
	objectVersion = 46;
	objects = {

/* Begin PBXBuildFile section */
		A6141D561BB9F44F003150F1 /* fomo.plist in Resources */ = {isa = PBXBuildFile; fileRef = A67150C31B825D66006537B8 /* fomo.plist */; };
		A6141D571BB9F44F003150F1 /* AppImages.xcassets in Resources */ = {isa = PBXBuildFile; fileRef = A6C6131B1A91492500A5F082 /* AppImages.xcassets */; };
		A6141D591BB9F44F003150F1 /* Settings.bundle in Resources */ = {isa = PBXBuildFile; fileRef = A6BDA8771AE5CA6500C1A55C /* Settings.bundle */; };
		A6141D6A1BB9F51B003150F1 /* LaunchScreenTCD.xib in Resources */ = {isa = PBXBuildFile; fileRef = A6141D611BB9F507003150F1 /* LaunchScreenTCD.xib */; };
		A6141D6B1BB9F52E003150F1 /* LaunchScreenUCD.xib in Resources */ = {isa = PBXBuildFile; fileRef = A6141D651BB9F507003150F1 /* LaunchScreenUCD.xib */; };
		A6141D811BB9F537003150F1 /* LaunchScreenTCD.xib in Resources */ = {isa = PBXBuildFile; fileRef = A6141D611BB9F507003150F1 /* LaunchScreenTCD.xib */; };
		A6141D821BB9F537003150F1 /* fomo.plist in Resources */ = {isa = PBXBuildFile; fileRef = A67150C31B825D66006537B8 /* fomo.plist */; };
		A6141D831BB9F537003150F1 /* AppImages.xcassets in Resources */ = {isa = PBXBuildFile; fileRef = A6C6131B1A91492500A5F082 /* AppImages.xcassets */; };
		A6141D851BB9F537003150F1 /* Settings.bundle in Resources */ = {isa = PBXBuildFile; fileRef = A6BDA8771AE5CA6500C1A55C /* Settings.bundle */; };
		A6141D8D1BB9F55D003150F1 /* LaunchScreenUCC.xib in Resources */ = {isa = PBXBuildFile; fileRef = A6141D631BB9F507003150F1 /* LaunchScreenUCC.xib */; };
		A618ED871DB3FE4A00281C17 /* DirectoryViewControllerTests.swift in Sources */ = {isa = PBXBuildFile; fileRef = A618ED861DB3FE4A00281C17 /* DirectoryViewControllerTests.swift */; };
		A618ED891DB3FE6E00281C17 /* DirectoryViewControllerIO.swift in Sources */ = {isa = PBXBuildFile; fileRef = A618ED881DB3FE6E00281C17 /* DirectoryViewControllerIO.swift */; };
		A618ED8B1DB3FF8700281C17 /* DirectoryModels.swift in Sources */ = {isa = PBXBuildFile; fileRef = A618ED8A1DB3FF8700281C17 /* DirectoryModels.swift */; };
		A625EA791C8AEEA800B35D80 /* ListEventsInteractor.swift in Sources */ = {isa = PBXBuildFile; fileRef = A69DBF431C8AD688005064F7 /* ListEventsInteractor.swift */; };
		A625EA7A1C8AEEAB00B35D80 /* ListEventsInteractorIO.swift in Sources */ = {isa = PBXBuildFile; fileRef = A69DBF451C8AD68F005064F7 /* ListEventsInteractorIO.swift */; };
		A625EA7D1C8AF02600B35D80 /* ListEventsInteractor.swift in Sources */ = {isa = PBXBuildFile; fileRef = A69DBF431C8AD688005064F7 /* ListEventsInteractor.swift */; };
		A625EA7E1C8AF06E00B35D80 /* DiscoveredEvent.swift in Sources */ = {isa = PBXBuildFile; fileRef = A69DBF3F1C8AD654005064F7 /* DiscoveredEvent.swift */; };
		A625EA7F1C8AF07F00B35D80 /* ListEventsNetworkWorker.swift in Sources */ = {isa = PBXBuildFile; fileRef = A69DBF411C8AD67D005064F7 /* ListEventsNetworkWorker.swift */; };
		A625EA801C8AF09200B35D80 /* ListEventsNetworkWorker.swift in Sources */ = {isa = PBXBuildFile; fileRef = A69DBF411C8AD67D005064F7 /* ListEventsNetworkWorker.swift */; };
		A625EA811C8AF14200B35D80 /* ListEventsInteractorIO.swift in Sources */ = {isa = PBXBuildFile; fileRef = A69DBF451C8AD68F005064F7 /* ListEventsInteractorIO.swift */; };
		A62BD62E1B9E1C4500E928E5 /* fomo.plist in Resources */ = {isa = PBXBuildFile; fileRef = A67150C31B825D66006537B8 /* fomo.plist */; };
		A62BD62F1B9E1C4500E928E5 /* AppImages.xcassets in Resources */ = {isa = PBXBuildFile; fileRef = A6C6131B1A91492500A5F082 /* AppImages.xcassets */; };
		A62BD6311B9E1C4500E928E5 /* Settings.bundle in Resources */ = {isa = PBXBuildFile; fileRef = A6BDA8771AE5CA6500C1A55C /* Settings.bundle */; };
		A63693451D3A497E00808DC5 /* DiscoveredEventsResponse.swift in Sources */ = {isa = PBXBuildFile; fileRef = A6AAD3FF1D25B96D0097AF22 /* DiscoveredEventsResponse.swift */; };
		A636934A1D3A4BD100808DC5 /* ListEventsProtocols.swift in Sources */ = {isa = PBXBuildFile; fileRef = A63693491D3A4BD100808DC5 /* ListEventsProtocols.swift */; };
		A636934D1D3A4CD900808DC5 /* ListEventsTableViewController.swift in Sources */ = {isa = PBXBuildFile; fileRef = A68183D91D2AFFB900E45D35 /* ListEventsTableViewController.swift */; };
		A636934E1D3A4CDE00808DC5 /* ListEvents.storyboard in Resources */ = {isa = PBXBuildFile; fileRef = A6478D171D36CE2600B6000B /* ListEvents.storyboard */; };
		A636934F1D3A4CE100808DC5 /* ListEventsProtocols.swift in Sources */ = {isa = PBXBuildFile; fileRef = A63693491D3A4BD100808DC5 /* ListEventsProtocols.swift */; };
		A636D26D1D0C88FF00FB9C62 /* DiscoveredEventTest.swift in Sources */ = {isa = PBXBuildFile; fileRef = A636D26C1D0C88FF00FB9C62 /* DiscoveredEventTest.swift */; };
		A636D26F1D0C892F00FB9C62 /* DiscoveredEventNIUGBicycleVolunteering.json in Resources */ = {isa = PBXBuildFile; fileRef = A636D26E1D0C892F00FB9C62 /* DiscoveredEventNIUGBicycleVolunteering.json */; };
		A636D2741D0C8A8700FB9C62 /* SourcePage.swift in Sources */ = {isa = PBXBuildFile; fileRef = A636D2731D0C8A8700FB9C62 /* SourcePage.swift */; };
		A636D2761D0C8A9A00FB9C62 /* SourcePageTest.swift in Sources */ = {isa = PBXBuildFile; fileRef = A636D2751D0C8A9A00FB9C62 /* SourcePageTest.swift */; };
		A63B32B51C68AFA400C46020 /* LaunchScreenNUIG.xib in Resources */ = {isa = PBXBuildFile; fileRef = A6C6131D1A91492500A5F082 /* LaunchScreenNUIG.xib */; };
		A63B32B61C68AFA400C46020 /* fomo.plist in Resources */ = {isa = PBXBuildFile; fileRef = A67150C31B825D66006537B8 /* fomo.plist */; };
		A63B32B71C68AFA400C46020 /* AppImages.xcassets in Resources */ = {isa = PBXBuildFile; fileRef = A6C6131B1A91492500A5F082 /* AppImages.xcassets */; };
		A63B32B91C68AFA400C46020 /* Settings.bundle in Resources */ = {isa = PBXBuildFile; fileRef = A6BDA8771AE5CA6500C1A55C /* Settings.bundle */; };
		A6478D181D36CE2600B6000B /* ListEvents.storyboard in Resources */ = {isa = PBXBuildFile; fileRef = A6478D171D36CE2600B6000B /* ListEvents.storyboard */; };
		A65B23BB1D6DFAE700A66C85 /* News.storyboard in Resources */ = {isa = PBXBuildFile; fileRef = A65B23BA1D6DFAE700A66C85 /* News.storyboard */; };
		A65B23BD1D6DFB2400A66C85 /* Directory.storyboard in Resources */ = {isa = PBXBuildFile; fileRef = A65B23BC1D6DFB2400A66C85 /* Directory.storyboard */; };
		A65B23C31D6E00FF00A66C85 /* ListEventsWireframe.swift in Sources */ = {isa = PBXBuildFile; fileRef = A65B23C21D6E00FF00A66C85 /* ListEventsWireframe.swift */; };
		A65B23C51D6E099D00A66C85 /* ListEventsImages.xcassets in Resources */ = {isa = PBXBuildFile; fileRef = A65B23C41D6E099D00A66C85 /* ListEventsImages.xcassets */; };
		A65B23C71D6E09E200A66C85 /* DirectoryImages.xcassets in Resources */ = {isa = PBXBuildFile; fileRef = A65B23C61D6E09E200A66C85 /* DirectoryImages.xcassets */; };
		A65B23C91D6E09F000A66C85 /* NewsImages.xcassets in Resources */ = {isa = PBXBuildFile; fileRef = A65B23C81D6E09F000A66C85 /* NewsImages.xcassets */; };
		A65B23CB1D6E0E1F00A66C85 /* DirectoryWireframe.swift in Sources */ = {isa = PBXBuildFile; fileRef = A65B23CA1D6E0E1F00A66C85 /* DirectoryWireframe.swift */; };
		A65CEE441DB4B0440059EF52 /* DiscoveredEventsResponse.swift in Sources */ = {isa = PBXBuildFile; fileRef = A6AAD3FF1D25B96D0097AF22 /* DiscoveredEventsResponse.swift */; };
		A65CEE461DB5C4790059EF52 /* NewsViewControllerTests.swift in Sources */ = {isa = PBXBuildFile; fileRef = A65CEE451DB5C4790059EF52 /* NewsViewControllerTests.swift */; };
		A65CEE481DB5C4ED0059EF52 /* NewsInteractor.swift in Sources */ = {isa = PBXBuildFile; fileRef = A65CEE471DB5C4ED0059EF52 /* NewsInteractor.swift */; };
		A65CEE4A1DB5C4F80059EF52 /* NewsPresenter.swift in Sources */ = {isa = PBXBuildFile; fileRef = A65CEE491DB5C4F80059EF52 /* NewsPresenter.swift */; };
		A65CEE4E1DB5C56B0059EF52 /* NewsPresenterTests.swift in Sources */ = {isa = PBXBuildFile; fileRef = A65CEE4D1DB5C56B0059EF52 /* NewsPresenterTests.swift */; };
		A65CEE501DB5C5EF0059EF52 /* NewsInteractorOutput.swift in Sources */ = {isa = PBXBuildFile; fileRef = A65CEE4F1DB5C5EF0059EF52 /* NewsInteractorOutput.swift */; };
		A65CEE521DB5C6D00059EF52 /* NewsModels.swift in Sources */ = {isa = PBXBuildFile; fileRef = A65CEE511DB5C6D00059EF52 /* NewsModels.swift */; };
		A66DC3961CF395E000ED636B /* Tests.swift in Sources */ = {isa = PBXBuildFile; fileRef = A66DC3951CF395E000ED636B /* Tests.swift */; };
		A66DC3981CF3966700ED636B /* SourcePageTcdAsian.json in Resources */ = {isa = PBXBuildFile; fileRef = A66DC3971CF3966700ED636B /* SourcePageTcdAsian.json */; };
		A66DC39C1CF398DB00ED636B /* DirectoryCacheWorkerTests.swift in Sources */ = {isa = PBXBuildFile; fileRef = A66DC39B1CF398DB00ED636B /* DirectoryCacheWorkerTests.swift */; };
		A67150C41B825D66006537B8 /* fomo.plist in Resources */ = {isa = PBXBuildFile; fileRef = A67150C31B825D66006537B8 /* fomo.plist */; };
		A67796B31DADE651003FBCE6 /* NewsWireframe.swift in Sources */ = {isa = PBXBuildFile; fileRef = A67796B21DADE651003FBCE6 /* NewsWireframe.swift */; };
		A67796B51DADE6B3003FBCE6 /* NewsViewController.swift in Sources */ = {isa = PBXBuildFile; fileRef = A67796B41DADE6B3003FBCE6 /* NewsViewController.swift */; };
		A67796B71DADF097003FBCE6 /* DirectoryViewController.swift in Sources */ = {isa = PBXBuildFile; fileRef = A67796B61DADF097003FBCE6 /* DirectoryViewController.swift */; };
		A67796B91DAE03C4003FBCE6 /* NewsViewControllerIO.swift in Sources */ = {isa = PBXBuildFile; fileRef = A67796B81DAE03C4003FBCE6 /* NewsViewControllerIO.swift */; };
		A68183D51D2ADD6200E45D35 /* ListEventsTableViewControllerTests.swift in Sources */ = {isa = PBXBuildFile; fileRef = A68183D41D2ADD6200E45D35 /* ListEventsTableViewControllerTests.swift */; };
		A68183DA1D2AFFB900E45D35 /* ListEventsTableViewController.swift in Sources */ = {isa = PBXBuildFile; fileRef = A68183D91D2AFFB900E45D35 /* ListEventsTableViewController.swift */; };
		A68183DD1D2B009E00E45D35 /* ListEventsModels.swift in Sources */ = {isa = PBXBuildFile; fileRef = A68183DC1D2B009E00E45D35 /* ListEventsModels.swift */; };
		A68183DE1D2B009E00E45D35 /* ListEventsModels.swift in Sources */ = {isa = PBXBuildFile; fileRef = A68183DC1D2B009E00E45D35 /* ListEventsModels.swift */; };
		A698B6F81D2589F7003494A3 /* AppDelegate.swift in Sources */ = {isa = PBXBuildFile; fileRef = A6A675931C941D6300FAD755 /* AppDelegate.swift */; };
		A698B6F91D2589F7003494A3 /* AppDelegate.swift in Sources */ = {isa = PBXBuildFile; fileRef = A6A675931C941D6300FAD755 /* AppDelegate.swift */; };
		A698B6FA1D2589F8003494A3 /* AppDelegate.swift in Sources */ = {isa = PBXBuildFile; fileRef = A6A675931C941D6300FAD755 /* AppDelegate.swift */; };
		A698B6FB1D2589F8003494A3 /* AppDelegate.swift in Sources */ = {isa = PBXBuildFile; fileRef = A6A675931C941D6300FAD755 /* AppDelegate.swift */; };
		A69DBF591C8AE8E3005064F7 /* ListEventsInteractorTests.swift in Sources */ = {isa = PBXBuildFile; fileRef = A69DBF481C8AD738005064F7 /* ListEventsInteractorTests.swift */; };
		A6A675941C941D6300FAD755 /* AppDelegate.swift in Sources */ = {isa = PBXBuildFile; fileRef = A6A675931C941D6300FAD755 /* AppDelegate.swift */; };
		A6A6759B1C943AED00FAD755 /* ListEventsCacheWorker.swift in Sources */ = {isa = PBXBuildFile; fileRef = A6A6759A1C943AED00FAD755 /* ListEventsCacheWorker.swift */; };
		A6A6759C1C943AED00FAD755 /* ListEventsCacheWorker.swift in Sources */ = {isa = PBXBuildFile; fileRef = A6A6759A1C943AED00FAD755 /* ListEventsCacheWorker.swift */; };
		A6AAD3DE1D258E570097AF22 /* DirectoryCacheWorker.swift in Sources */ = {isa = PBXBuildFile; fileRef = A6AAD3DD1D258E570097AF22 /* DirectoryCacheWorker.swift */; };
		A6AAD3E11D258F0D0097AF22 /* ClientPageDataTest.swift in Sources */ = {isa = PBXBuildFile; fileRef = A6AAD3E01D258F0D0097AF22 /* ClientPageDataTest.swift */; };
		A6AAD3E31D258F8E0097AF22 /* ClientPageData.swift in Sources */ = {isa = PBXBuildFile; fileRef = A6AAD3E21D258F8E0097AF22 /* ClientPageData.swift */; };
		A6AAD3E41D258FD80097AF22 /* SourcePage.swift in Sources */ = {isa = PBXBuildFile; fileRef = A636D2731D0C8A8700FB9C62 /* SourcePage.swift */; };
		A6AAD3EA1D2591230097AF22 /* ClientPageDataUcdEvents.json in Resources */ = {isa = PBXBuildFile; fileRef = A641041F1AE542D700FDA62D /* ClientPageDataUcdEvents.json */; };
		A6AAD3EC1D25A3C90097AF22 /* DiscoveredEventsResponseNUIG30June16.json in Resources */ = {isa = PBXBuildFile; fileRef = A6AAD3EB1D25A3C90097AF22 /* DiscoveredEventsResponseNUIG30June16.json */; };
		A6AAD3ED1D25A5E80097AF22 /* SourcePage.swift in Sources */ = {isa = PBXBuildFile; fileRef = A636D2731D0C8A8700FB9C62 /* SourcePage.swift */; };
		A6AAD3EE1D25A5E80097AF22 /* SourcePage.swift in Sources */ = {isa = PBXBuildFile; fileRef = A636D2731D0C8A8700FB9C62 /* SourcePage.swift */; };
		A6AAD3EF1D25A5E80097AF22 /* SourcePage.swift in Sources */ = {isa = PBXBuildFile; fileRef = A636D2731D0C8A8700FB9C62 /* SourcePage.swift */; };
		A6AAD3F01D25A5E90097AF22 /* SourcePage.swift in Sources */ = {isa = PBXBuildFile; fileRef = A636D2731D0C8A8700FB9C62 /* SourcePage.swift */; };
		A6AAD3F11D25A6600097AF22 /* DiscoveredEvent.swift in Sources */ = {isa = PBXBuildFile; fileRef = A69DBF3F1C8AD654005064F7 /* DiscoveredEvent.swift */; };
		A6AAD3F21D25A6610097AF22 /* DiscoveredEvent.swift in Sources */ = {isa = PBXBuildFile; fileRef = A69DBF3F1C8AD654005064F7 /* DiscoveredEvent.swift */; };
		A6AAD3F31D25A6620097AF22 /* DiscoveredEvent.swift in Sources */ = {isa = PBXBuildFile; fileRef = A69DBF3F1C8AD654005064F7 /* DiscoveredEvent.swift */; };
		A6AAD3F41D25A6620097AF22 /* DiscoveredEvent.swift in Sources */ = {isa = PBXBuildFile; fileRef = A69DBF3F1C8AD654005064F7 /* DiscoveredEvent.swift */; };
		A6AAD3F51D25A6630097AF22 /* DiscoveredEvent.swift in Sources */ = {isa = PBXBuildFile; fileRef = A69DBF3F1C8AD654005064F7 /* DiscoveredEvent.swift */; };
		A6AAD3F71D25B64D0097AF22 /* GAEISO8601DateTransform.swift in Sources */ = {isa = PBXBuildFile; fileRef = A6AAD3F61D25B64D0097AF22 /* GAEISO8601DateTransform.swift */; };
		A6AAD3F81D25B6D10097AF22 /* GAEISO8601DateTransform.swift in Sources */ = {isa = PBXBuildFile; fileRef = A6AAD3F61D25B64D0097AF22 /* GAEISO8601DateTransform.swift */; };
		A6AAD3F91D25B6D10097AF22 /* GAEISO8601DateTransform.swift in Sources */ = {isa = PBXBuildFile; fileRef = A6AAD3F61D25B64D0097AF22 /* GAEISO8601DateTransform.swift */; };
		A6AAD3FA1D25B6D20097AF22 /* GAEISO8601DateTransform.swift in Sources */ = {isa = PBXBuildFile; fileRef = A6AAD3F61D25B64D0097AF22 /* GAEISO8601DateTransform.swift */; };
		A6AAD3FB1D25B6D20097AF22 /* GAEISO8601DateTransform.swift in Sources */ = {isa = PBXBuildFile; fileRef = A6AAD3F61D25B64D0097AF22 /* GAEISO8601DateTransform.swift */; };
		A6AAD3FC1D25B6D30097AF22 /* GAEISO8601DateTransform.swift in Sources */ = {isa = PBXBuildFile; fileRef = A6AAD3F61D25B64D0097AF22 /* GAEISO8601DateTransform.swift */; };
		A6AAD3FE1D25B7E90097AF22 /* DiscoveredEventsResponseTests.swift in Sources */ = {isa = PBXBuildFile; fileRef = A6AAD3FD1D25B7E90097AF22 /* DiscoveredEventsResponseTests.swift */; };
		A6ABE5311D3AB12200EF3D11 /* DiscoveredEventTableViewCell.swift in Sources */ = {isa = PBXBuildFile; fileRef = A6ABE5301D3AB12200EF3D11 /* DiscoveredEventTableViewCell.swift */; };
		A6ABE5331D3AB60200EF3D11 /* ListEventsPresenterTests.swift in Sources */ = {isa = PBXBuildFile; fileRef = A6ABE5321D3AB60200EF3D11 /* ListEventsPresenterTests.swift */; };
		A6ABE5351D3AB9A600EF3D11 /* ListEventsPresenter.swift in Sources */ = {isa = PBXBuildFile; fileRef = A6ABE5341D3AB9A600EF3D11 /* ListEventsPresenter.swift */; };
		A6ABE5361D3ABC3300EF3D11 /* DiscoveredEventTableViewCell.swift in Sources */ = {isa = PBXBuildFile; fileRef = A6ABE5301D3AB12200EF3D11 /* DiscoveredEventTableViewCell.swift */; };
		A6ABE5371D3ABFCC00EF3D11 /* ListEventsPresenter.swift in Sources */ = {isa = PBXBuildFile; fileRef = A6ABE5341D3AB9A600EF3D11 /* ListEventsPresenter.swift */; };
		A6BDA8781AE5CA6500C1A55C /* Settings.bundle in Resources */ = {isa = PBXBuildFile; fileRef = A6BDA8771AE5CA6500C1A55C /* Settings.bundle */; };
		A6C04F691DB450A40009C9BF /* DirectoryInteractorTests.swift in Sources */ = {isa = PBXBuildFile; fileRef = A6C04F681DB450A40009C9BF /* DirectoryInteractorTests.swift */; };
		A6C04F6C1DB452FD0009C9BF /* DirectoryPresenter.swift in Sources */ = {isa = PBXBuildFile; fileRef = A6C04F6B1DB452FD0009C9BF /* DirectoryPresenter.swift */; };
		A6C04F6E1DB4530A0009C9BF /* DirectoryInteractor.swift in Sources */ = {isa = PBXBuildFile; fileRef = A6C04F6D1DB4530A0009C9BF /* DirectoryInteractor.swift */; };
		A6C04F721DB454730009C9BF /* DirectoryPresenterTests.swift in Sources */ = {isa = PBXBuildFile; fileRef = A6C04F711DB454730009C9BF /* DirectoryPresenterTests.swift */; };
		A6C04F741DB456D90009C9BF /* DirectoryInteractorOutput.swift in Sources */ = {isa = PBXBuildFile; fileRef = A6C04F731DB456D90009C9BF /* DirectoryInteractorOutput.swift */; };
		A6C45C071DA386E600FC57D5 /* FomoIdTest.swift in Sources */ = {isa = PBXBuildFile; fileRef = A6C45C061DA386E600FC57D5 /* FomoIdTest.swift */; };
		A6C45C091DA3882B00FC57D5 /* FomoId.swift in Sources */ = {isa = PBXBuildFile; fileRef = A6C45C081DA3882B00FC57D5 /* FomoId.swift */; };
		A6C45C0A1DA3898C00FC57D5 /* FomoId.swift in Sources */ = {isa = PBXBuildFile; fileRef = A6C45C081DA3882B00FC57D5 /* FomoId.swift */; };
		A6C6131C1A91492500A5F082 /* AppImages.xcassets in Resources */ = {isa = PBXBuildFile; fileRef = A6C6131B1A91492500A5F082 /* AppImages.xcassets */; };
		A6C6131F1A91492500A5F082 /* LaunchScreenNUIG.xib in Resources */ = {isa = PBXBuildFile; fileRef = A6C6131D1A91492500A5F082 /* LaunchScreenNUIG.xib */; };
		A6E10C621DB41643007854F8 /* DirectoryTableViewCell.swift in Sources */ = {isa = PBXBuildFile; fileRef = A6E10C611DB41643007854F8 /* DirectoryTableViewCell.swift */; };
		A6E10C641DB44F5C007854F8 /* DirectoryNetworkWorker.swift in Sources */ = {isa = PBXBuildFile; fileRef = A6E10C631DB44F5C007854F8 /* DirectoryNetworkWorker.swift */; };
		D2D5217499F6B04417B4EB64 /* Pods_FOMO_UCD.framework in Frameworks */ = {isa = PBXBuildFile; fileRef = B36CF2249EF126ACF7C1BE04 /* Pods_FOMO_UCD.framework */; };
		E9CD01A61FFB1A86A2ACC763 /* Pods_SortonsEventsTests.framework in Frameworks */ = {isa = PBXBuildFile; fileRef = 1AE0A1C3BF300FB4A0A7584E /* Pods_SortonsEventsTests.framework */; };
/* End PBXBuildFile section */

/* Begin PBXContainerItemProxy section */
		A69DBF541C8AE4D8005064F7 /* PBXContainerItemProxy */ = {
			isa = PBXContainerItemProxy;
			containerPortal = A6C613031A91492500A5F082 /* Project object */;
			proxyType = 1;
			remoteGlobalIDString = A62BD6181B9E1C4500E928E5;
			remoteInfo = "FOMO UCD";
		};
/* End PBXContainerItemProxy section */

/* Begin PBXFileReference section */
		1AE0A1C3BF300FB4A0A7584E /* Pods_SortonsEventsTests.framework */ = {isa = PBXFileReference; explicitFileType = wrapper.framework; includeInIndex = 0; path = Pods_SortonsEventsTests.framework; sourceTree = BUILT_PRODUCTS_DIR; };
		4698B2409D034D0FB9B0DC9D /* Pods.framework */ = {isa = PBXFileReference; explicitFileType = wrapper.framework; includeInIndex = 0; path = Pods.framework; sourceTree = BUILT_PRODUCTS_DIR; };
		786DDF9E2A825C011E1D3806 /* Pods-SortonsEventsTests.debug.xcconfig */ = {isa = PBXFileReference; includeInIndex = 1; lastKnownFileType = text.xcconfig; name = "Pods-SortonsEventsTests.debug.xcconfig"; path = "Pods/Target Support Files/Pods-SortonsEventsTests/Pods-SortonsEventsTests.debug.xcconfig"; sourceTree = "<group>"; };
		A4B45A6EE4E167955EE9B517 /* Pods-SortonsEventsTests.release.xcconfig */ = {isa = PBXFileReference; includeInIndex = 1; lastKnownFileType = text.xcconfig; name = "Pods-SortonsEventsTests.release.xcconfig"; path = "Pods/Target Support Files/Pods-SortonsEventsTests/Pods-SortonsEventsTests.release.xcconfig"; sourceTree = "<group>"; };
		A6141D5F1BB9F44F003150F1 /* FOMO TCD.app */ = {isa = PBXFileReference; explicitFileType = wrapper.application; includeInIndex = 0; path = "FOMO TCD.app"; sourceTree = BUILT_PRODUCTS_DIR; };
		A6141D621BB9F507003150F1 /* Base */ = {isa = PBXFileReference; lastKnownFileType = file.xib; name = Base; path = Base.lproj/LaunchScreenTCD.xib; sourceTree = "<group>"; };
		A6141D641BB9F507003150F1 /* Base */ = {isa = PBXFileReference; lastKnownFileType = file.xib; name = Base; path = Base.lproj/LaunchScreenUCC.xib; sourceTree = "<group>"; };
		A6141D661BB9F507003150F1 /* Base */ = {isa = PBXFileReference; lastKnownFileType = file.xib; name = Base; path = Base.lproj/LaunchScreenUCD.xib; sourceTree = "<group>"; };
		A6141D8B1BB9F537003150F1 /* FOMO UCC.app */ = {isa = PBXFileReference; explicitFileType = wrapper.application; includeInIndex = 0; path = "FOMO UCC.app"; sourceTree = BUILT_PRODUCTS_DIR; };
		A618ED861DB3FE4A00281C17 /* DirectoryViewControllerTests.swift */ = {isa = PBXFileReference; fileEncoding = 4; lastKnownFileType = sourcecode.swift; path = DirectoryViewControllerTests.swift; sourceTree = "<group>"; };
		A618ED881DB3FE6E00281C17 /* DirectoryViewControllerIO.swift */ = {isa = PBXFileReference; fileEncoding = 4; lastKnownFileType = sourcecode.swift; path = DirectoryViewControllerIO.swift; sourceTree = "<group>"; };
		A618ED8A1DB3FF8700281C17 /* DirectoryModels.swift */ = {isa = PBXFileReference; fileEncoding = 4; lastKnownFileType = sourcecode.swift; path = DirectoryModels.swift; sourceTree = "<group>"; };
		A62BD6371B9E1C4500E928E5 /* FOMO UCD.app */ = {isa = PBXFileReference; explicitFileType = wrapper.application; includeInIndex = 0; path = "FOMO UCD.app"; sourceTree = BUILT_PRODUCTS_DIR; };
		A63693491D3A4BD100808DC5 /* ListEventsProtocols.swift */ = {isa = PBXFileReference; fileEncoding = 4; lastKnownFileType = sourcecode.swift; path = ListEventsProtocols.swift; sourceTree = "<group>"; };
		A636D26C1D0C88FF00FB9C62 /* DiscoveredEventTest.swift */ = {isa = PBXFileReference; fileEncoding = 4; lastKnownFileType = sourcecode.swift; path = DiscoveredEventTest.swift; sourceTree = "<group>"; };
		A636D26E1D0C892F00FB9C62 /* DiscoveredEventNIUGBicycleVolunteering.json */ = {isa = PBXFileReference; fileEncoding = 4; lastKnownFileType = text.json; path = DiscoveredEventNIUGBicycleVolunteering.json; sourceTree = "<group>"; };
		A636D2731D0C8A8700FB9C62 /* SourcePage.swift */ = {isa = PBXFileReference; fileEncoding = 4; lastKnownFileType = sourcecode.swift; path = SourcePage.swift; sourceTree = "<group>"; };
		A636D2751D0C8A9A00FB9C62 /* SourcePageTest.swift */ = {isa = PBXFileReference; fileEncoding = 4; lastKnownFileType = sourcecode.swift; path = SourcePageTest.swift; sourceTree = "<group>"; };
		A63B32BF1C68AFA400C46020 /* FOMO DCU.app */ = {isa = PBXFileReference; explicitFileType = wrapper.application; includeInIndex = 0; path = "FOMO DCU.app"; sourceTree = BUILT_PRODUCTS_DIR; };
		A641041F1AE542D700FDA62D /* ClientPageDataUcdEvents.json */ = {isa = PBXFileReference; fileEncoding = 4; lastKnownFileType = text.json; name = ClientPageDataUcdEvents.json; path = SortonsEventsTests/ClientPageDataUcdEvents.json; sourceTree = SOURCE_ROOT; };
		A6478D171D36CE2600B6000B /* ListEvents.storyboard */ = {isa = PBXFileReference; fileEncoding = 4; lastKnownFileType = file.storyboard; path = ListEvents.storyboard; sourceTree = "<group>"; };
		A65B23BA1D6DFAE700A66C85 /* News.storyboard */ = {isa = PBXFileReference; fileEncoding = 4; lastKnownFileType = file.storyboard; path = News.storyboard; sourceTree = "<group>"; };
		A65B23BC1D6DFB2400A66C85 /* Directory.storyboard */ = {isa = PBXFileReference; fileEncoding = 4; lastKnownFileType = file.storyboard; path = Directory.storyboard; sourceTree = "<group>"; };
		A65B23C21D6E00FF00A66C85 /* ListEventsWireframe.swift */ = {isa = PBXFileReference; fileEncoding = 4; lastKnownFileType = sourcecode.swift; path = ListEventsWireframe.swift; sourceTree = "<group>"; };
		A65B23C41D6E099D00A66C85 /* ListEventsImages.xcassets */ = {isa = PBXFileReference; lastKnownFileType = folder.assetcatalog; path = ListEventsImages.xcassets; sourceTree = "<group>"; };
		A65B23C61D6E09E200A66C85 /* DirectoryImages.xcassets */ = {isa = PBXFileReference; lastKnownFileType = folder.assetcatalog; path = DirectoryImages.xcassets; sourceTree = "<group>"; };
		A65B23C81D6E09F000A66C85 /* NewsImages.xcassets */ = {isa = PBXFileReference; lastKnownFileType = folder.assetcatalog; path = NewsImages.xcassets; sourceTree = "<group>"; };
		A65B23CA1D6E0E1F00A66C85 /* DirectoryWireframe.swift */ = {isa = PBXFileReference; fileEncoding = 4; lastKnownFileType = sourcecode.swift; path = DirectoryWireframe.swift; sourceTree = "<group>"; };
		A65CEE451DB5C4790059EF52 /* NewsViewControllerTests.swift */ = {isa = PBXFileReference; fileEncoding = 4; lastKnownFileType = sourcecode.swift; path = NewsViewControllerTests.swift; sourceTree = "<group>"; };
		A65CEE471DB5C4ED0059EF52 /* NewsInteractor.swift */ = {isa = PBXFileReference; fileEncoding = 4; lastKnownFileType = sourcecode.swift; path = NewsInteractor.swift; sourceTree = "<group>"; };
		A65CEE491DB5C4F80059EF52 /* NewsPresenter.swift */ = {isa = PBXFileReference; fileEncoding = 4; lastKnownFileType = sourcecode.swift; path = NewsPresenter.swift; sourceTree = "<group>"; };
		A65CEE4D1DB5C56B0059EF52 /* NewsPresenterTests.swift */ = {isa = PBXFileReference; fileEncoding = 4; lastKnownFileType = sourcecode.swift; path = NewsPresenterTests.swift; sourceTree = "<group>"; };
		A65CEE4F1DB5C5EF0059EF52 /* NewsInteractorOutput.swift */ = {isa = PBXFileReference; fileEncoding = 4; lastKnownFileType = sourcecode.swift; path = NewsInteractorOutput.swift; sourceTree = "<group>"; };
		A65CEE511DB5C6D00059EF52 /* NewsModels.swift */ = {isa = PBXFileReference; fileEncoding = 4; lastKnownFileType = sourcecode.swift; path = NewsModels.swift; sourceTree = "<group>"; };
		A66DC3951CF395E000ED636B /* Tests.swift */ = {isa = PBXFileReference; fileEncoding = 4; lastKnownFileType = sourcecode.swift; path = Tests.swift; sourceTree = "<group>"; };
		A66DC3971CF3966700ED636B /* SourcePageTcdAsian.json */ = {isa = PBXFileReference; fileEncoding = 4; lastKnownFileType = text.json; path = SourcePageTcdAsian.json; sourceTree = "<group>"; };
		A66DC39B1CF398DB00ED636B /* DirectoryCacheWorkerTests.swift */ = {isa = PBXFileReference; fileEncoding = 4; lastKnownFileType = sourcecode.swift; path = DirectoryCacheWorkerTests.swift; sourceTree = "<group>"; };
		A67150C31B825D66006537B8 /* fomo.plist */ = {isa = PBXFileReference; fileEncoding = 4; lastKnownFileType = text.plist.xml; path = fomo.plist; sourceTree = "<group>"; };
		A67796B21DADE651003FBCE6 /* NewsWireframe.swift */ = {isa = PBXFileReference; fileEncoding = 4; lastKnownFileType = sourcecode.swift; path = NewsWireframe.swift; sourceTree = "<group>"; };
		A67796B41DADE6B3003FBCE6 /* NewsViewController.swift */ = {isa = PBXFileReference; fileEncoding = 4; lastKnownFileType = sourcecode.swift; path = NewsViewController.swift; sourceTree = "<group>"; };
		A67796B61DADF097003FBCE6 /* DirectoryViewController.swift */ = {isa = PBXFileReference; fileEncoding = 4; lastKnownFileType = sourcecode.swift; path = DirectoryViewController.swift; sourceTree = "<group>"; };
		A67796B81DAE03C4003FBCE6 /* NewsViewControllerIO.swift */ = {isa = PBXFileReference; fileEncoding = 4; lastKnownFileType = sourcecode.swift; path = NewsViewControllerIO.swift; sourceTree = "<group>"; };
		A68183D41D2ADD6200E45D35 /* ListEventsTableViewControllerTests.swift */ = {isa = PBXFileReference; fileEncoding = 4; lastKnownFileType = sourcecode.swift; path = ListEventsTableViewControllerTests.swift; sourceTree = "<group>"; };
		A68183D91D2AFFB900E45D35 /* ListEventsTableViewController.swift */ = {isa = PBXFileReference; fileEncoding = 4; lastKnownFileType = sourcecode.swift; path = ListEventsTableViewController.swift; sourceTree = "<group>"; };
		A68183DC1D2B009E00E45D35 /* ListEventsModels.swift */ = {isa = PBXFileReference; fileEncoding = 4; lastKnownFileType = sourcecode.swift; path = ListEventsModels.swift; sourceTree = "<group>"; };
		A69DBF3F1C8AD654005064F7 /* DiscoveredEvent.swift */ = {isa = PBXFileReference; fileEncoding = 4; lastKnownFileType = sourcecode.swift; path = DiscoveredEvent.swift; sourceTree = "<group>"; };
		A69DBF411C8AD67D005064F7 /* ListEventsNetworkWorker.swift */ = {isa = PBXFileReference; fileEncoding = 4; lastKnownFileType = sourcecode.swift; path = ListEventsNetworkWorker.swift; sourceTree = "<group>"; };
		A69DBF431C8AD688005064F7 /* ListEventsInteractor.swift */ = {isa = PBXFileReference; fileEncoding = 4; lastKnownFileType = sourcecode.swift; path = ListEventsInteractor.swift; sourceTree = "<group>"; };
		A69DBF451C8AD68F005064F7 /* ListEventsInteractorIO.swift */ = {isa = PBXFileReference; fileEncoding = 4; lastKnownFileType = sourcecode.swift; path = ListEventsInteractorIO.swift; sourceTree = "<group>"; };
		A69DBF481C8AD738005064F7 /* ListEventsInteractorTests.swift */ = {isa = PBXFileReference; fileEncoding = 4; lastKnownFileType = sourcecode.swift; name = ListEventsInteractorTests.swift; path = SortonsEventsTests/ListEventsInteractorTests.swift; sourceTree = SOURCE_ROOT; };
		A69DBF4F1C8AE4D8005064F7 /* SortonsEventsTests.xctest */ = {isa = PBXFileReference; explicitFileType = wrapper.cfbundle; includeInIndex = 0; path = SortonsEventsTests.xctest; sourceTree = BUILT_PRODUCTS_DIR; };
		A69DBF531C8AE4D8005064F7 /* Info.plist */ = {isa = PBXFileReference; lastKnownFileType = text.plist.xml; path = Info.plist; sourceTree = "<group>"; };
		A6A675931C941D6300FAD755 /* AppDelegate.swift */ = {isa = PBXFileReference; fileEncoding = 4; lastKnownFileType = sourcecode.swift; path = AppDelegate.swift; sourceTree = "<group>"; };
		A6A6759A1C943AED00FAD755 /* ListEventsCacheWorker.swift */ = {isa = PBXFileReference; fileEncoding = 4; lastKnownFileType = sourcecode.swift; path = ListEventsCacheWorker.swift; sourceTree = "<group>"; };
		A6AAD3DD1D258E570097AF22 /* DirectoryCacheWorker.swift */ = {isa = PBXFileReference; fileEncoding = 4; lastKnownFileType = sourcecode.swift; path = DirectoryCacheWorker.swift; sourceTree = "<group>"; };
		A6AAD3E01D258F0D0097AF22 /* ClientPageDataTest.swift */ = {isa = PBXFileReference; fileEncoding = 4; lastKnownFileType = sourcecode.swift; path = ClientPageDataTest.swift; sourceTree = "<group>"; };
		A6AAD3E21D258F8E0097AF22 /* ClientPageData.swift */ = {isa = PBXFileReference; fileEncoding = 4; lastKnownFileType = sourcecode.swift; path = ClientPageData.swift; sourceTree = "<group>"; };
		A6AAD3EB1D25A3C90097AF22 /* DiscoveredEventsResponseNUIG30June16.json */ = {isa = PBXFileReference; fileEncoding = 4; lastKnownFileType = text.json; path = DiscoveredEventsResponseNUIG30June16.json; sourceTree = "<group>"; };
		A6AAD3F61D25B64D0097AF22 /* GAEISO8601DateTransform.swift */ = {isa = PBXFileReference; fileEncoding = 4; lastKnownFileType = sourcecode.swift; path = GAEISO8601DateTransform.swift; sourceTree = "<group>"; };
		A6AAD3FD1D25B7E90097AF22 /* DiscoveredEventsResponseTests.swift */ = {isa = PBXFileReference; fileEncoding = 4; lastKnownFileType = sourcecode.swift; path = DiscoveredEventsResponseTests.swift; sourceTree = "<group>"; };
		A6AAD3FF1D25B96D0097AF22 /* DiscoveredEventsResponse.swift */ = {isa = PBXFileReference; fileEncoding = 4; lastKnownFileType = sourcecode.swift; path = DiscoveredEventsResponse.swift; sourceTree = "<group>"; };
		A6ABE5301D3AB12200EF3D11 /* DiscoveredEventTableViewCell.swift */ = {isa = PBXFileReference; fileEncoding = 4; lastKnownFileType = sourcecode.swift; path = DiscoveredEventTableViewCell.swift; sourceTree = "<group>"; };
		A6ABE5321D3AB60200EF3D11 /* ListEventsPresenterTests.swift */ = {isa = PBXFileReference; fileEncoding = 4; lastKnownFileType = sourcecode.swift; path = ListEventsPresenterTests.swift; sourceTree = "<group>"; };
		A6ABE5341D3AB9A600EF3D11 /* ListEventsPresenter.swift */ = {isa = PBXFileReference; fileEncoding = 4; lastKnownFileType = sourcecode.swift; path = ListEventsPresenter.swift; sourceTree = "<group>"; };
		A6BDA8771AE5CA6500C1A55C /* Settings.bundle */ = {isa = PBXFileReference; lastKnownFileType = "wrapper.plug-in"; path = Settings.bundle; sourceTree = "<group>"; };
		A6C04F681DB450A40009C9BF /* DirectoryInteractorTests.swift */ = {isa = PBXFileReference; fileEncoding = 4; lastKnownFileType = sourcecode.swift; path = DirectoryInteractorTests.swift; sourceTree = "<group>"; };
		A6C04F6B1DB452FD0009C9BF /* DirectoryPresenter.swift */ = {isa = PBXFileReference; fileEncoding = 4; lastKnownFileType = sourcecode.swift; path = DirectoryPresenter.swift; sourceTree = "<group>"; };
		A6C04F6D1DB4530A0009C9BF /* DirectoryInteractor.swift */ = {isa = PBXFileReference; fileEncoding = 4; lastKnownFileType = sourcecode.swift; path = DirectoryInteractor.swift; sourceTree = "<group>"; };
		A6C04F711DB454730009C9BF /* DirectoryPresenterTests.swift */ = {isa = PBXFileReference; fileEncoding = 4; lastKnownFileType = sourcecode.swift; path = DirectoryPresenterTests.swift; sourceTree = "<group>"; };
		A6C04F731DB456D90009C9BF /* DirectoryInteractorOutput.swift */ = {isa = PBXFileReference; fileEncoding = 4; lastKnownFileType = sourcecode.swift; path = DirectoryInteractorOutput.swift; sourceTree = "<group>"; };
		A6C45C061DA386E600FC57D5 /* FomoIdTest.swift */ = {isa = PBXFileReference; fileEncoding = 4; lastKnownFileType = sourcecode.swift; path = FomoIdTest.swift; sourceTree = "<group>"; };
		A6C45C081DA3882B00FC57D5 /* FomoId.swift */ = {isa = PBXFileReference; fileEncoding = 4; lastKnownFileType = sourcecode.swift; path = FomoId.swift; sourceTree = "<group>"; };
		A6C6130B1A91492500A5F082 /* SortonsEvents.app */ = {isa = PBXFileReference; explicitFileType = wrapper.application; includeInIndex = 0; path = SortonsEvents.app; sourceTree = BUILT_PRODUCTS_DIR; };
		A6C6130F1A91492500A5F082 /* Info.plist */ = {isa = PBXFileReference; lastKnownFileType = text.plist.xml; path = Info.plist; sourceTree = "<group>"; };
		A6C6131B1A91492500A5F082 /* AppImages.xcassets */ = {isa = PBXFileReference; lastKnownFileType = folder.assetcatalog; path = AppImages.xcassets; sourceTree = "<group>"; };
		A6C6131E1A91492500A5F082 /* Base */ = {isa = PBXFileReference; lastKnownFileType = file.xib; name = Base; path = Base.lproj/LaunchScreenNUIG.xib; sourceTree = "<group>"; };
		A6E10C611DB41643007854F8 /* DirectoryTableViewCell.swift */ = {isa = PBXFileReference; fileEncoding = 4; lastKnownFileType = sourcecode.swift; path = DirectoryTableViewCell.swift; sourceTree = "<group>"; };
		A6E10C631DB44F5C007854F8 /* DirectoryNetworkWorker.swift */ = {isa = PBXFileReference; fileEncoding = 4; lastKnownFileType = sourcecode.swift; path = DirectoryNetworkWorker.swift; sourceTree = "<group>"; };
		ADF337C1B6FA9DC422E3EB24 /* Pods-FOMO UCD.debug.xcconfig */ = {isa = PBXFileReference; includeInIndex = 1; lastKnownFileType = text.xcconfig; name = "Pods-FOMO UCD.debug.xcconfig"; path = "Pods/Target Support Files/Pods-FOMO UCD/Pods-FOMO UCD.debug.xcconfig"; sourceTree = "<group>"; };
		B36CF2249EF126ACF7C1BE04 /* Pods_FOMO_UCD.framework */ = {isa = PBXFileReference; explicitFileType = wrapper.framework; includeInIndex = 0; path = Pods_FOMO_UCD.framework; sourceTree = BUILT_PRODUCTS_DIR; };
		BBB7A952895502086AFADDB9 /* Pods-FOMO UCD.release.xcconfig */ = {isa = PBXFileReference; includeInIndex = 1; lastKnownFileType = text.xcconfig; name = "Pods-FOMO UCD.release.xcconfig"; path = "Pods/Target Support Files/Pods-FOMO UCD/Pods-FOMO UCD.release.xcconfig"; sourceTree = "<group>"; };
/* End PBXFileReference section */

/* Begin PBXFrameworksBuildPhase section */
		A6141D521BB9F44F003150F1 /* Frameworks */ = {
			isa = PBXFrameworksBuildPhase;
			buildActionMask = 2147483647;
			files = (
			);
			runOnlyForDeploymentPostprocessing = 0;
		};
		A6141D7E1BB9F537003150F1 /* Frameworks */ = {
			isa = PBXFrameworksBuildPhase;
			buildActionMask = 2147483647;
			files = (
			);
			runOnlyForDeploymentPostprocessing = 0;
		};
		A62BD62A1B9E1C4500E928E5 /* Frameworks */ = {
			isa = PBXFrameworksBuildPhase;
			buildActionMask = 2147483647;
			files = (
				D2D5217499F6B04417B4EB64 /* Pods_FOMO_UCD.framework in Frameworks */,
			);
			runOnlyForDeploymentPostprocessing = 0;
		};
		A63B32B21C68AFA400C46020 /* Frameworks */ = {
			isa = PBXFrameworksBuildPhase;
			buildActionMask = 2147483647;
			files = (
			);
			runOnlyForDeploymentPostprocessing = 0;
		};
		A69DBF4C1C8AE4D8005064F7 /* Frameworks */ = {
			isa = PBXFrameworksBuildPhase;
			buildActionMask = 2147483647;
			files = (
				E9CD01A61FFB1A86A2ACC763 /* Pods_SortonsEventsTests.framework in Frameworks */,
			);
			runOnlyForDeploymentPostprocessing = 0;
		};
		A6C613081A91492500A5F082 /* Frameworks */ = {
			isa = PBXFrameworksBuildPhase;
			buildActionMask = 2147483647;
			files = (
			);
			runOnlyForDeploymentPostprocessing = 0;
		};
/* End PBXFrameworksBuildPhase section */

/* Begin PBXGroup section */
		353A73FF40F3D0AD1A553132 /* Pods */ = {
			isa = PBXGroup;
			children = (
				ADF337C1B6FA9DC422E3EB24 /* Pods-FOMO UCD.debug.xcconfig */,
				BBB7A952895502086AFADDB9 /* Pods-FOMO UCD.release.xcconfig */,
				786DDF9E2A825C011E1D3806 /* Pods-SortonsEventsTests.debug.xcconfig */,
				A4B45A6EE4E167955EE9B517 /* Pods-SortonsEventsTests.release.xcconfig */,
			);
			name = Pods;
			sourceTree = "<group>";
		};
		7ED8EBE8F8E37C0B2B3A2F16 /* Frameworks */ = {
			isa = PBXGroup;
			children = (
				4698B2409D034D0FB9B0DC9D /* Pods.framework */,
				B36CF2249EF126ACF7C1BE04 /* Pods_FOMO_UCD.framework */,
				1AE0A1C3BF300FB4A0A7584E /* Pods_SortonsEventsTests.framework */,
			);
			name = Frameworks;
			sourceTree = "<group>";
		};
		A636D2701D0C8A1D00FB9C62 /* Model */ = {
			isa = PBXGroup;
			children = (
				A636D26E1D0C892F00FB9C62 /* DiscoveredEventNIUGBicycleVolunteering.json */,
				A636D26C1D0C88FF00FB9C62 /* DiscoveredEventTest.swift */,
				A6AAD3EB1D25A3C90097AF22 /* DiscoveredEventsResponseNUIG30June16.json */,
				A6AAD3FD1D25B7E90097AF22 /* DiscoveredEventsResponseTests.swift */,
			);
			name = Model;
			sourceTree = "<group>";
		};
		A65CEE4B1DB5C5000059EF52 /* Interactor */ = {
			isa = PBXGroup;
			children = (
				A65CEE471DB5C4ED0059EF52 /* NewsInteractor.swift */,
				A65CEE4F1DB5C5EF0059EF52 /* NewsInteractorOutput.swift */,
			);
			name = Interactor;
			sourceTree = "<group>";
		};
		A65CEE4C1DB5C5090059EF52 /* Presenter */ = {
			isa = PBXGroup;
			children = (
				A65CEE491DB5C4F80059EF52 /* NewsPresenter.swift */,
			);
			name = Presenter;
			sourceTree = "<group>";
		};
		A65CEE531DB5C6D70059EF52 /* Models */ = {
			isa = PBXGroup;
			children = (
				A65CEE511DB5C6D00059EF52 /* NewsModels.swift */,
			);
			name = Models;
			sourceTree = "<group>";
		};
		A66DC39D1CF3992A00ED636B /* Model */ = {
			isa = PBXGroup;
			children = (
				A636D2731D0C8A8700FB9C62 /* SourcePage.swift */,
			);
			name = Model;
			sourceTree = "<group>";
		};
		A69DBF2D1C8AD441005064F7 /* Classes */ = {
			isa = PBXGroup;
			children = (
				A69DBF2E1C8AD44A005064F7 /* Common */,
				A69DBF301C8AD479005064F7 /* Modules */,
			);
			name = Classes;
			sourceTree = "<group>";
		};
		A69DBF2E1C8AD44A005064F7 /* Common */ = {
			isa = PBXGroup;
			children = (
				A69DBF3D1C8AD57B005064F7 /* Resources */,
				A69FD40D1DB2C3B300CA8964 /* Workers */,
				A66DC39D1CF3992A00ED636B /* Model */,
			);
			name = Common;
			sourceTree = "<group>";
		};
		A69DBF301C8AD479005064F7 /* Modules */ = {
			isa = PBXGroup;
			children = (
				A69DBF311C8AD487005064F7 /* List Events */,
				A69DBF321C8AD48D005064F7 /* News */,
				A69DBF331C8AD493005064F7 /* Directory */,
			);
			name = Modules;
			sourceTree = "<group>";
		};
		A69DBF311C8AD487005064F7 /* List Events */ = {
			isa = PBXGroup;
			children = (
				A69DBF351C8AD4C9005064F7 /* Module Interface */,
				A69DBF3B1C8AD528005064F7 /* View */,
				A69DBF3C1C8AD530005064F7 /* Presenter */,
				A69DBF371C8AD4E5005064F7 /* Interactor */,
				A69DBF381C8AD4EE005064F7 /* Workers */,
				A69DBF391C8AD4F3005064F7 /* Model */,
				A65B23C41D6E099D00A66C85 /* ListEventsImages.xcassets */,
			);
			name = "List Events";
			sourceTree = "<group>";
		};
		A69DBF321C8AD48D005064F7 /* News */ = {
			isa = PBXGroup;
			children = (
				A69FD40B1DB2C36700CA8964 /* Module Interface */,
				A69FD40A1DB2C36200CA8964 /* View */,
				A65CEE4C1DB5C5090059EF52 /* Presenter */,
				A65CEE4B1DB5C5000059EF52 /* Interactor */,
				A65CEE531DB5C6D70059EF52 /* Models */,
				A65B23C81D6E09F000A66C85 /* NewsImages.xcassets */,
			);
			name = News;
			sourceTree = "<group>";
		};
		A69DBF331C8AD493005064F7 /* Directory */ = {
			isa = PBXGroup;
			children = (
				A69FD4071DB2C32A00CA8964 /* Module Interface */,
				A69FD4081DB2C33200CA8964 /* View */,
				A6C04F6F1DB4530E0009C9BF /* Presenter */,
				A6C04F701DB453180009C9BF /* Interactor */,
				A69FD4091DB2C35000CA8964 /* Workers */,
				A69FD40C1DB2C39900CA8964 /* Model */,
				A65B23C61D6E09E200A66C85 /* DirectoryImages.xcassets */,
			);
			name = Directory;
			sourceTree = "<group>";
		};
		A69DBF351C8AD4C9005064F7 /* Module Interface */ = {
			isa = PBXGroup;
			children = (
				A65B23C21D6E00FF00A66C85 /* ListEventsWireframe.swift */,
			);
			name = "Module Interface";
			sourceTree = "<group>";
		};
		A69DBF371C8AD4E5005064F7 /* Interactor */ = {
			isa = PBXGroup;
			children = (
				A69DBF451C8AD68F005064F7 /* ListEventsInteractorIO.swift */,
				A69DBF431C8AD688005064F7 /* ListEventsInteractor.swift */,
			);
			name = Interactor;
			sourceTree = "<group>";
		};
		A69DBF381C8AD4EE005064F7 /* Workers */ = {
			isa = PBXGroup;
			children = (
				A69DBF411C8AD67D005064F7 /* ListEventsNetworkWorker.swift */,
				A6A6759A1C943AED00FAD755 /* ListEventsCacheWorker.swift */,
				A6AAD3F61D25B64D0097AF22 /* GAEISO8601DateTransform.swift */,
			);
			name = Workers;
			sourceTree = "<group>";
		};
		A69DBF391C8AD4F3005064F7 /* Model */ = {
			isa = PBXGroup;
			children = (
				A68183DC1D2B009E00E45D35 /* ListEventsModels.swift */,
				A69DBF3F1C8AD654005064F7 /* DiscoveredEvent.swift */,
				A6AAD3FF1D25B96D0097AF22 /* DiscoveredEventsResponse.swift */,
			);
			name = Model;
			sourceTree = "<group>";
		};
		A69DBF3B1C8AD528005064F7 /* View */ = {
			isa = PBXGroup;
			children = (
				A63693491D3A4BD100808DC5 /* ListEventsProtocols.swift */,
				A68183D91D2AFFB900E45D35 /* ListEventsTableViewController.swift */,
				A6478D171D36CE2600B6000B /* ListEvents.storyboard */,
				A6ABE5301D3AB12200EF3D11 /* DiscoveredEventTableViewCell.swift */,
			);
			name = View;
			sourceTree = "<group>";
		};
		A69DBF3C1C8AD530005064F7 /* Presenter */ = {
			isa = PBXGroup;
			children = (
				A6ABE5341D3AB9A600EF3D11 /* ListEventsPresenter.swift */,
			);
			name = Presenter;
			sourceTree = "<group>";
		};
		A69DBF3D1C8AD57B005064F7 /* Resources */ = {
			isa = PBXGroup;
			children = (
				A67150C31B825D66006537B8 /* fomo.plist */,
				A6C6131B1A91492500A5F082 /* AppImages.xcassets */,
				A6141D651BB9F507003150F1 /* LaunchScreenUCD.xib */,
				A6C6131D1A91492500A5F082 /* LaunchScreenNUIG.xib */,
				A6141D611BB9F507003150F1 /* LaunchScreenTCD.xib */,
				A6141D631BB9F507003150F1 /* LaunchScreenUCC.xib */,
			);
			name = Resources;
			sourceTree = "<group>";
		};
		A69DBF501C8AE4D8005064F7 /* SortonsEventsTests */ = {
			isa = PBXGroup;
			children = (
				A6C45C051DA386A600FC57D5 /* Common */,
				A69DBF531C8AE4D8005064F7 /* Info.plist */,
				A66DC3951CF395E000ED636B /* Tests.swift */,
				A69FD4041DB2B86800CA8964 /* List Events */,
				A69FD4051DB2C1A600CA8964 /* News */,
				A69FD4061DB2C1B000CA8964 /* Directory */,
			);
			path = SortonsEventsTests;
			sourceTree = "<group>";
		};
		A69FD4041DB2B86800CA8964 /* List Events */ = {
			isa = PBXGroup;
			children = (
				A68183D41D2ADD6200E45D35 /* ListEventsTableViewControllerTests.swift */,
				A6ABE5321D3AB60200EF3D11 /* ListEventsPresenterTests.swift */,
				A69DBF481C8AD738005064F7 /* ListEventsInteractorTests.swift */,
				A636D2701D0C8A1D00FB9C62 /* Model */,
			);
			name = "List Events";
			sourceTree = "<group>";
		};
		A69FD4051DB2C1A600CA8964 /* News */ = {
			isa = PBXGroup;
			children = (
				A65CEE451DB5C4790059EF52 /* NewsViewControllerTests.swift */,
				A65CEE4D1DB5C56B0059EF52 /* NewsPresenterTests.swift */,
			);
			name = News;
			sourceTree = "<group>";
		};
		A69FD4061DB2C1B000CA8964 /* Directory */ = {
			isa = PBXGroup;
			children = (
				A618ED861DB3FE4A00281C17 /* DirectoryViewControllerTests.swift */,
				A6C04F711DB454730009C9BF /* DirectoryPresenterTests.swift */,
				A6C04F681DB450A40009C9BF /* DirectoryInteractorTests.swift */,
				A66DC39B1CF398DB00ED636B /* DirectoryCacheWorkerTests.swift */,
				A6C04F6A1DB451910009C9BF /* Model */,
			);
			name = Directory;
			sourceTree = "<group>";
		};
		A69FD4071DB2C32A00CA8964 /* Module Interface */ = {
			isa = PBXGroup;
			children = (
				A65B23CA1D6E0E1F00A66C85 /* DirectoryWireframe.swift */,
			);
			name = "Module Interface";
			sourceTree = "<group>";
		};
		A69FD4081DB2C33200CA8964 /* View */ = {
			isa = PBXGroup;
			children = (
				A618ED881DB3FE6E00281C17 /* DirectoryViewControllerIO.swift */,
				A65B23BC1D6DFB2400A66C85 /* Directory.storyboard */,
				A67796B61DADF097003FBCE6 /* DirectoryViewController.swift */,
				A6E10C611DB41643007854F8 /* DirectoryTableViewCell.swift */,
			);
			name = View;
			sourceTree = "<group>";
		};
		A69FD4091DB2C35000CA8964 /* Workers */ = {
			isa = PBXGroup;
			children = (
				A6AAD3DD1D258E570097AF22 /* DirectoryCacheWorker.swift */,
				A6E10C631DB44F5C007854F8 /* DirectoryNetworkWorker.swift */,
			);
			name = Workers;
			sourceTree = "<group>";
		};
		A69FD40A1DB2C36200CA8964 /* View */ = {
			isa = PBXGroup;
			children = (
				A67796B41DADE6B3003FBCE6 /* NewsViewController.swift */,
				A67796B81DAE03C4003FBCE6 /* NewsViewControllerIO.swift */,
				A65B23BA1D6DFAE700A66C85 /* News.storyboard */,
			);
			name = View;
			sourceTree = "<group>";
		};
		A69FD40B1DB2C36700CA8964 /* Module Interface */ = {
			isa = PBXGroup;
			children = (
				A67796B21DADE651003FBCE6 /* NewsWireframe.swift */,
			);
			name = "Module Interface";
			sourceTree = "<group>";
		};
		A69FD40C1DB2C39900CA8964 /* Model */ = {
			isa = PBXGroup;
			children = (
				A618ED8A1DB3FF8700281C17 /* DirectoryModels.swift */,
				A6AAD3E21D258F8E0097AF22 /* ClientPageData.swift */,
			);
			name = Model;
			sourceTree = "<group>";
		};
		A69FD40D1DB2C3B300CA8964 /* Workers */ = {
			isa = PBXGroup;
			children = (
				A6C45C081DA3882B00FC57D5 /* FomoId.swift */,
			);
			name = Workers;
			sourceTree = "<group>";
		};
		A6C04F6A1DB451910009C9BF /* Model */ = {
			isa = PBXGroup;
			children = (
				A641041F1AE542D700FDA62D /* ClientPageDataUcdEvents.json */,
				A6AAD3E01D258F0D0097AF22 /* ClientPageDataTest.swift */,
			);
			name = Model;
			sourceTree = "<group>";
		};
		A6C04F6F1DB4530E0009C9BF /* Presenter */ = {
			isa = PBXGroup;
			children = (
				A6C04F6B1DB452FD0009C9BF /* DirectoryPresenter.swift */,
			);
			name = Presenter;
			sourceTree = "<group>";
		};
		A6C04F701DB453180009C9BF /* Interactor */ = {
			isa = PBXGroup;
			children = (
				A6C04F6D1DB4530A0009C9BF /* DirectoryInteractor.swift */,
				A6C04F731DB456D90009C9BF /* DirectoryInteractorOutput.swift */,
			);
			name = Interactor;
			sourceTree = "<group>";
		};
		A6C04F751DB4590A0009C9BF /* Model */ = {
			isa = PBXGroup;
			children = (
				A66DC3971CF3966700ED636B /* SourcePageTcdAsian.json */,
				A636D2751D0C8A9A00FB9C62 /* SourcePageTest.swift */,
			);
			name = Model;
			sourceTree = "<group>";
		};
		A6C45C051DA386A600FC57D5 /* Common */ = {
			isa = PBXGroup;
			children = (
				A6C45C061DA386E600FC57D5 /* FomoIdTest.swift */,
				A6C04F751DB4590A0009C9BF /* Model */,
			);
			name = Common;
			sourceTree = "<group>";
		};
		A6C613021A91492500A5F082 = {
			isa = PBXGroup;
			children = (
				A6C6130D1A91492500A5F082 /* SortonsEvents */,
				A69DBF501C8AE4D8005064F7 /* SortonsEventsTests */,
				A6C6130C1A91492500A5F082 /* Products */,
				7ED8EBE8F8E37C0B2B3A2F16 /* Frameworks */,
				353A73FF40F3D0AD1A553132 /* Pods */,
			);
			sourceTree = "<group>";
		};
		A6C6130C1A91492500A5F082 /* Products */ = {
			isa = PBXGroup;
			children = (
				A6C6130B1A91492500A5F082 /* SortonsEvents.app */,
				A62BD6371B9E1C4500E928E5 /* FOMO UCD.app */,
				A6141D5F1BB9F44F003150F1 /* FOMO TCD.app */,
				A6141D8B1BB9F537003150F1 /* FOMO UCC.app */,
				A63B32BF1C68AFA400C46020 /* FOMO DCU.app */,
				A69DBF4F1C8AE4D8005064F7 /* SortonsEventsTests.xctest */,
			);
			name = Products;
			sourceTree = "<group>";
		};
		A6C6130D1A91492500A5F082 /* SortonsEvents */ = {
			isa = PBXGroup;
			children = (
				A69DBF2D1C8AD441005064F7 /* Classes */,
				A6C6130E1A91492500A5F082 /* Supporting Files */,
				A6A675931C941D6300FAD755 /* AppDelegate.swift */,
			);
			path = SortonsEvents;
			sourceTree = "<group>";
		};
		A6C6130E1A91492500A5F082 /* Supporting Files */ = {
			isa = PBXGroup;
			children = (
				A6BDA8771AE5CA6500C1A55C /* Settings.bundle */,
				A6C6130F1A91492500A5F082 /* Info.plist */,
			);
			name = "Supporting Files";
			sourceTree = "<group>";
		};
/* End PBXGroup section */

/* Begin PBXNativeTarget section */
		A6141D401BB9F44F003150F1 /* FOMO TCD */ = {
			isa = PBXNativeTarget;
			buildConfigurationList = A6141D5C1BB9F44F003150F1 /* Build configuration list for PBXNativeTarget "FOMO TCD" */;
			buildPhases = (
				A6141D421BB9F44F003150F1 /* Sources */,
				A6141D521BB9F44F003150F1 /* Frameworks */,
				A6141D541BB9F44F003150F1 /* Resources */,
				SWIFCLEANCUSTOMRUNSCRIPT /* Swift-Clean Run Script */,
			);
			buildRules = (
			);
			dependencies = (
			);
			name = "FOMO TCD";
			productName = DublinTheatreOC;
			productReference = A6141D5F1BB9F44F003150F1 /* FOMO TCD.app */;
			productType = "com.apple.product-type.application";
		};
		A6141D6C1BB9F537003150F1 /* FOMO UCC */ = {
			isa = PBXNativeTarget;
			buildConfigurationList = A6141D881BB9F537003150F1 /* Build configuration list for PBXNativeTarget "FOMO UCC" */;
			buildPhases = (
				A6141D6E1BB9F537003150F1 /* Sources */,
				A6141D7E1BB9F537003150F1 /* Frameworks */,
				A6141D801BB9F537003150F1 /* Resources */,
				SWIFCLEANCUSTOMRUNSCRIPT /* Swift-Clean Run Script */,
			);
			buildRules = (
			);
			dependencies = (
			);
			name = "FOMO UCC";
			productName = DublinTheatreOC;
			productReference = A6141D8B1BB9F537003150F1 /* FOMO UCC.app */;
			productType = "com.apple.product-type.application";
		};
		A62BD6181B9E1C4500E928E5 /* FOMO UCD */ = {
			isa = PBXNativeTarget;
			buildConfigurationList = A62BD6341B9E1C4500E928E5 /* Build configuration list for PBXNativeTarget "FOMO UCD" */;
			buildPhases = (
				7A03B37A066E1EFEBA2DBFE0 /* [CP] Check Pods Manifest.lock */,
				A62BD61A1B9E1C4500E928E5 /* Sources */,
				A62BD62A1B9E1C4500E928E5 /* Frameworks */,
				A62BD62C1B9E1C4500E928E5 /* Resources */,
				9BC5FFCF45037BDCC4F7F5D5 /* [CP] Embed Pods Frameworks */,
				E1DEE83FACB02165D826DCDA /* [CP] Copy Pods Resources */,
				A632F9E81DB04CA200B23A76 /* ShellScript */,
				SWIFCLEANCUSTOMRUNSCRIPT /* Swift-Clean Run Script */,
			);
			buildRules = (
			);
			dependencies = (
			);
			name = "FOMO UCD";
			productName = DublinTheatreOC;
			productReference = A62BD6371B9E1C4500E928E5 /* FOMO UCD.app */;
			productType = "com.apple.product-type.application";
		};
		A63B32A01C68AFA400C46020 /* FOMO DCU */ = {
			isa = PBXNativeTarget;
			buildConfigurationList = A63B32BC1C68AFA400C46020 /* Build configuration list for PBXNativeTarget "FOMO DCU" */;
			buildPhases = (
				A63B32A21C68AFA400C46020 /* Sources */,
				A63B32B21C68AFA400C46020 /* Frameworks */,
				A63B32B41C68AFA400C46020 /* Resources */,
				SWIFCLEANCUSTOMRUNSCRIPT /* Swift-Clean Run Script */,
			);
			buildRules = (
			);
			dependencies = (
			);
			name = "FOMO DCU";
			productName = DublinTheatreOC;
			productReference = A63B32BF1C68AFA400C46020 /* FOMO DCU.app */;
			productType = "com.apple.product-type.application";
		};
		A69DBF4E1C8AE4D8005064F7 /* SortonsEventsTests */ = {
			isa = PBXNativeTarget;
			buildConfigurationList = A69DBF561C8AE4D9005064F7 /* Build configuration list for PBXNativeTarget "SortonsEventsTests" */;
			buildPhases = (
				BBE99D1633940454CA81288B /* [CP] Check Pods Manifest.lock */,
				A69DBF4B1C8AE4D8005064F7 /* Sources */,
				A69DBF4C1C8AE4D8005064F7 /* Frameworks */,
				A69DBF4D1C8AE4D8005064F7 /* Resources */,
				A54E92CAE79F499470A0ACFE /* [CP] Embed Pods Frameworks */,
				E13262D15D034E5AC25C7C59 /* [CP] Copy Pods Resources */,
			);
			buildRules = (
			);
			dependencies = (
				A69DBF551C8AE4D8005064F7 /* PBXTargetDependency */,
			);
			name = SortonsEventsTests;
			productName = SortonsEventsTests;
			productReference = A69DBF4F1C8AE4D8005064F7 /* SortonsEventsTests.xctest */;
			productType = "com.apple.product-type.bundle.unit-test";
		};
		A6C6130A1A91492500A5F082 /* FOMO NUIG */ = {
			isa = PBXNativeTarget;
			buildConfigurationList = A6C6132E1A91492500A5F082 /* Build configuration list for PBXNativeTarget "FOMO NUIG" */;
			buildPhases = (
				A6C613071A91492500A5F082 /* Sources */,
				A6C613081A91492500A5F082 /* Frameworks */,
				A6C613091A91492500A5F082 /* Resources */,
				SWIFCLEANCUSTOMRUNSCRIPT /* Swift-Clean Run Script */,
			);
			buildRules = (
			);
			dependencies = (
			);
			name = "FOMO NUIG";
			productName = DublinTheatreOC;
			productReference = A6C6130B1A91492500A5F082 /* SortonsEvents.app */;
			productType = "com.apple.product-type.application";
		};
/* End PBXNativeTarget section */

/* Begin PBXProject section */
		A6C613031A91492500A5F082 /* Project object */ = {
			isa = PBXProject;
			attributes = {
				LastSwiftUpdateCheck = 0720;
				LastUpgradeCheck = 0800;
				ORGANIZATIONNAME = Sortons;
				TargetAttributes = {
					A6141D401BB9F44F003150F1 = {
						DevelopmentTeam = 3RM6H33EW7;
					};
					A6141D6C1BB9F537003150F1 = {
						DevelopmentTeam = 3RM6H33EW7;
					};
					A62BD6181B9E1C4500E928E5 = {
						DevelopmentTeam = 3RM6H33EW7;
						LastSwiftMigration = 0800;
					};
					A63B32A01C68AFA400C46020 = {
						DevelopmentTeam = 3RM6H33EW7;
					};
					A69DBF4E1C8AE4D8005064F7 = {
						CreatedOnToolsVersion = 7.2;
						LastSwiftMigration = 0800;
						TestTargetID = A62BD6181B9E1C4500E928E5;
					};
					A6C6130A1A91492500A5F082 = {
						CreatedOnToolsVersion = 6.1.1;
						DevelopmentTeam = 3RM6H33EW7;
					};
				};
			};
			buildConfigurationList = A6C613061A91492500A5F082 /* Build configuration list for PBXProject "SortonsEvents" */;
			compatibilityVersion = "Xcode 3.2";
			developmentRegion = English;
			hasScannedForEncodings = 0;
			knownRegions = (
				en,
				Base,
			);
			mainGroup = A6C613021A91492500A5F082;
			productRefGroup = A6C6130C1A91492500A5F082 /* Products */;
			projectDirPath = "";
			projectRoot = "";
			targets = (
				A62BD6181B9E1C4500E928E5 /* FOMO UCD */,
				A6C6130A1A91492500A5F082 /* FOMO NUIG */,
				A6141D401BB9F44F003150F1 /* FOMO TCD */,
				A6141D6C1BB9F537003150F1 /* FOMO UCC */,
				A63B32A01C68AFA400C46020 /* FOMO DCU */,
				A69DBF4E1C8AE4D8005064F7 /* SortonsEventsTests */,
			);
		};
/* End PBXProject section */

/* Begin PBXResourcesBuildPhase section */
		A6141D541BB9F44F003150F1 /* Resources */ = {
			isa = PBXResourcesBuildPhase;
			buildActionMask = 2147483647;
			files = (
				A6141D6A1BB9F51B003150F1 /* LaunchScreenTCD.xib in Resources */,
				A6141D561BB9F44F003150F1 /* fomo.plist in Resources */,
				A6141D571BB9F44F003150F1 /* AppImages.xcassets in Resources */,
				A6141D591BB9F44F003150F1 /* Settings.bundle in Resources */,
			);
			runOnlyForDeploymentPostprocessing = 0;
		};
		A6141D801BB9F537003150F1 /* Resources */ = {
			isa = PBXResourcesBuildPhase;
			buildActionMask = 2147483647;
			files = (
				A6141D811BB9F537003150F1 /* LaunchScreenTCD.xib in Resources */,
				A6141D821BB9F537003150F1 /* fomo.plist in Resources */,
				A6141D8D1BB9F55D003150F1 /* LaunchScreenUCC.xib in Resources */,
				A6141D831BB9F537003150F1 /* AppImages.xcassets in Resources */,
				A6141D851BB9F537003150F1 /* Settings.bundle in Resources */,
			);
			runOnlyForDeploymentPostprocessing = 0;
		};
		A62BD62C1B9E1C4500E928E5 /* Resources */ = {
			isa = PBXResourcesBuildPhase;
			buildActionMask = 2147483647;
			files = (
				A65B23BD1D6DFB2400A66C85 /* Directory.storyboard in Resources */,
				A65B23C71D6E09E200A66C85 /* DirectoryImages.xcassets in Resources */,
				A65B23C91D6E09F000A66C85 /* NewsImages.xcassets in Resources */,
				A62BD62E1B9E1C4500E928E5 /* fomo.plist in Resources */,
				A6141D6B1BB9F52E003150F1 /* LaunchScreenUCD.xib in Resources */,
				A62BD62F1B9E1C4500E928E5 /* AppImages.xcassets in Resources */,
				A62BD6311B9E1C4500E928E5 /* Settings.bundle in Resources */,
				A65B23BB1D6DFAE700A66C85 /* News.storyboard in Resources */,
				A6478D181D36CE2600B6000B /* ListEvents.storyboard in Resources */,
				A65B23C51D6E099D00A66C85 /* ListEventsImages.xcassets in Resources */,
			);
			runOnlyForDeploymentPostprocessing = 0;
		};
		A63B32B41C68AFA400C46020 /* Resources */ = {
			isa = PBXResourcesBuildPhase;
			buildActionMask = 2147483647;
			files = (
				A63B32B51C68AFA400C46020 /* LaunchScreenNUIG.xib in Resources */,
				A63B32B61C68AFA400C46020 /* fomo.plist in Resources */,
				A63B32B71C68AFA400C46020 /* AppImages.xcassets in Resources */,
				A63B32B91C68AFA400C46020 /* Settings.bundle in Resources */,
			);
			runOnlyForDeploymentPostprocessing = 0;
		};
		A69DBF4D1C8AE4D8005064F7 /* Resources */ = {
			isa = PBXResourcesBuildPhase;
			buildActionMask = 2147483647;
			files = (
				A636D26F1D0C892F00FB9C62 /* DiscoveredEventNIUGBicycleVolunteering.json in Resources */,
				A66DC3981CF3966700ED636B /* SourcePageTcdAsian.json in Resources */,
				A6AAD3EA1D2591230097AF22 /* ClientPageDataUcdEvents.json in Resources */,
				A636934E1D3A4CDE00808DC5 /* ListEvents.storyboard in Resources */,
				A6AAD3EC1D25A3C90097AF22 /* DiscoveredEventsResponseNUIG30June16.json in Resources */,
			);
			runOnlyForDeploymentPostprocessing = 0;
		};
		A6C613091A91492500A5F082 /* Resources */ = {
			isa = PBXResourcesBuildPhase;
			buildActionMask = 2147483647;
			files = (
				A6C6131F1A91492500A5F082 /* LaunchScreenNUIG.xib in Resources */,
				A67150C41B825D66006537B8 /* fomo.plist in Resources */,
				A6C6131C1A91492500A5F082 /* AppImages.xcassets in Resources */,
				A6BDA8781AE5CA6500C1A55C /* Settings.bundle in Resources */,
			);
			runOnlyForDeploymentPostprocessing = 0;
		};
/* End PBXResourcesBuildPhase section */

/* Begin PBXShellScriptBuildPhase section */
		7A03B37A066E1EFEBA2DBFE0 /* [CP] Check Pods Manifest.lock */ = {
			isa = PBXShellScriptBuildPhase;
			buildActionMask = 2147483647;
			files = (
			);
			inputPaths = (
			);
			name = "[CP] Check Pods Manifest.lock";
			outputPaths = (
			);
			runOnlyForDeploymentPostprocessing = 0;
			shellPath = /bin/sh;
			shellScript = "diff \"${PODS_ROOT}/../Podfile.lock\" \"${PODS_ROOT}/Manifest.lock\" > /dev/null\nif [[ $? != 0 ]] ; then\n    cat << EOM\nerror: The sandbox is not in sync with the Podfile.lock. Run 'pod install' or update your CocoaPods installation.\nEOM\n    exit 1\nfi\n";
			showEnvVarsInLog = 0;
		};
		9BC5FFCF45037BDCC4F7F5D5 /* [CP] Embed Pods Frameworks */ = {
			isa = PBXShellScriptBuildPhase;
			buildActionMask = 2147483647;
			files = (
			);
			inputPaths = (
			);
			name = "[CP] Embed Pods Frameworks";
			outputPaths = (
			);
			runOnlyForDeploymentPostprocessing = 0;
			shellPath = /bin/sh;
			shellScript = "\"${SRCROOT}/Pods/Target Support Files/Pods-FOMO UCD/Pods-FOMO UCD-frameworks.sh\"\n";
			showEnvVarsInLog = 0;
		};
		A54E92CAE79F499470A0ACFE /* [CP] Embed Pods Frameworks */ = {
			isa = PBXShellScriptBuildPhase;
			buildActionMask = 2147483647;
			files = (
			);
			inputPaths = (
			);
			name = "[CP] Embed Pods Frameworks";
			outputPaths = (
			);
			runOnlyForDeploymentPostprocessing = 0;
			shellPath = /bin/sh;
			shellScript = "\"${SRCROOT}/Pods/Target Support Files/Pods-SortonsEventsTests/Pods-SortonsEventsTests-frameworks.sh\"\n";
			showEnvVarsInLog = 0;
		};
		A632F9E81DB04CA200B23A76 /* ShellScript */ = {
			isa = PBXShellScriptBuildPhase;
			buildActionMask = 2147483647;
			files = (
			);
			inputPaths = (
			);
			outputPaths = (
			);
			runOnlyForDeploymentPostprocessing = 0;
			shellPath = /bin/sh;
			shellScript = "if [[ -z ${SKIP_SWIFTCLEAN} || ${SKIP_SWIFTCLEAN} != 1 ]]; then\nif [[ -d \"${LOCAL_APPS_DIR}/Swift-Clean.app\" || -d \"${LOCAL_APPS_DIR}/Swift-Clean.app\" ]]; then\n\"${LOCAL_APPS_DIR}\"/Swift-Clean.app/Contents/Resources/SwiftClean.app/Contents/MacOS/SwiftClean \"${SRCROOT}\"?@autoFix\nelse\necho \"warning: You have to install and set up Swift-Clean to use its features!\"\nfi\nfi";
		};
		BBE99D1633940454CA81288B /* [CP] Check Pods Manifest.lock */ = {
			isa = PBXShellScriptBuildPhase;
			buildActionMask = 2147483647;
			files = (
			);
			inputPaths = (
			);
			name = "[CP] Check Pods Manifest.lock";
			outputPaths = (
			);
			runOnlyForDeploymentPostprocessing = 0;
			shellPath = /bin/sh;
			shellScript = "diff \"${PODS_ROOT}/../Podfile.lock\" \"${PODS_ROOT}/Manifest.lock\" > /dev/null\nif [[ $? != 0 ]] ; then\n    cat << EOM\nerror: The sandbox is not in sync with the Podfile.lock. Run 'pod install' or update your CocoaPods installation.\nEOM\n    exit 1\nfi\n";
			showEnvVarsInLog = 0;
		};
		E13262D15D034E5AC25C7C59 /* [CP] Copy Pods Resources */ = {
			isa = PBXShellScriptBuildPhase;
			buildActionMask = 2147483647;
			files = (
			);
			inputPaths = (
			);
			name = "[CP] Copy Pods Resources";
			outputPaths = (
			);
			runOnlyForDeploymentPostprocessing = 0;
			shellPath = /bin/sh;
			shellScript = "\"${SRCROOT}/Pods/Target Support Files/Pods-SortonsEventsTests/Pods-SortonsEventsTests-resources.sh\"\n";
			showEnvVarsInLog = 0;
		};
		E1DEE83FACB02165D826DCDA /* [CP] Copy Pods Resources */ = {
			isa = PBXShellScriptBuildPhase;
			buildActionMask = 2147483647;
			files = (
			);
			inputPaths = (
			);
			name = "[CP] Copy Pods Resources";
			outputPaths = (
			);
			runOnlyForDeploymentPostprocessing = 0;
			shellPath = /bin/sh;
			shellScript = "\"${SRCROOT}/Pods/Target Support Files/Pods-FOMO UCD/Pods-FOMO UCD-resources.sh\"\n";
			showEnvVarsInLog = 0;
		};
		SWIFCLEANCUSTOMRUNSCRIPT /* Swift-Clean Run Script */ = {
			isa = PBXShellScriptBuildPhase;
			buildActionMask = 2147483647;
			files = (
			);
			inputPaths = (
			);
			name = "Swift-Clean Run Script";
			outputPaths = (
			);
			runOnlyForDeploymentPostprocessing = 0;
			shellPath = /bin/bash;
			shellScript = "if [[ -z ${SKIP_SWIFTCLEAN} || ${SKIP_SWIFTCLEAN} != 1 ]]; then\nif [[ -d \"${LOCAL_APPS_DIR}/Swift-Clean.app\" || -d \"${LOCAL_APPS_DIR}/Swift-Clean.app\" ]]; then \n\"${LOCAL_APPS_DIR}\"/Swift-Clean.app/Contents/Resources/SwiftClean.app/Contents/MacOS/SwiftClean \"${SRCROOT}\"?@autoFix \nfi\nfi";
		};
/* End PBXShellScriptBuildPhase section */

/* Begin PBXSourcesBuildPhase section */
		A6141D421BB9F44F003150F1 /* Sources */ = {
			isa = PBXSourcesBuildPhase;
			buildActionMask = 2147483647;
			files = (
				A698B6F91D2589F7003494A3 /* AppDelegate.swift in Sources */,
				A6AAD3FA1D25B6D20097AF22 /* GAEISO8601DateTransform.swift in Sources */,
				A6AAD3F21D25A6610097AF22 /* DiscoveredEvent.swift in Sources */,
				A6AAD3EE1D25A5E80097AF22 /* SourcePage.swift in Sources */,
			);
			runOnlyForDeploymentPostprocessing = 0;
		};
		A6141D6E1BB9F537003150F1 /* Sources */ = {
			isa = PBXSourcesBuildPhase;
			buildActionMask = 2147483647;
			files = (
				A698B6FA1D2589F8003494A3 /* AppDelegate.swift in Sources */,
				A6AAD3F91D25B6D10097AF22 /* GAEISO8601DateTransform.swift in Sources */,
				A6AAD3F31D25A6620097AF22 /* DiscoveredEvent.swift in Sources */,
				A6AAD3EF1D25A5E80097AF22 /* SourcePage.swift in Sources */,
			);
			runOnlyForDeploymentPostprocessing = 0;
		};
		A62BD61A1B9E1C4500E928E5 /* Sources */ = {
			isa = PBXSourcesBuildPhase;
			buildActionMask = 2147483647;
			files = (
				A65CEE521DB5C6D00059EF52 /* NewsModels.swift in Sources */,
				A6C04F6C1DB452FD0009C9BF /* DirectoryPresenter.swift in Sources */,
				A625EA791C8AEEA800B35D80 /* ListEventsInteractor.swift in Sources */,
				A65CEE4A1DB5C4F80059EF52 /* NewsPresenter.swift in Sources */,
				A65CEE481DB5C4ED0059EF52 /* NewsInteractor.swift in Sources */,
				A67796B91DAE03C4003FBCE6 /* NewsViewControllerIO.swift in Sources */,
				A65B23C31D6E00FF00A66C85 /* ListEventsWireframe.swift in Sources */,
				A67796B51DADE6B3003FBCE6 /* NewsViewController.swift in Sources */,
				A6AAD3E31D258F8E0097AF22 /* ClientPageData.swift in Sources */,
				A636934A1D3A4BD100808DC5 /* ListEventsProtocols.swift in Sources */,
				A625EA7E1C8AF06E00B35D80 /* DiscoveredEvent.swift in Sources */,
				A6A6759B1C943AED00FAD755 /* ListEventsCacheWorker.swift in Sources */,
				A618ED8B1DB3FF8700281C17 /* DirectoryModels.swift in Sources */,
				A65B23CB1D6E0E1F00A66C85 /* DirectoryWireframe.swift in Sources */,
				A68183DD1D2B009E00E45D35 /* ListEventsModels.swift in Sources */,
				A6ABE5311D3AB12200EF3D11 /* DiscoveredEventTableViewCell.swift in Sources */,
				A63693451D3A497E00808DC5 /* DiscoveredEventsResponse.swift in Sources */,
				A6A675941C941D6300FAD755 /* AppDelegate.swift in Sources */,
				A67796B71DADF097003FBCE6 /* DirectoryViewController.swift in Sources */,
				A6C04F6E1DB4530A0009C9BF /* DirectoryInteractor.swift in Sources */,
				A618ED891DB3FE6E00281C17 /* DirectoryViewControllerIO.swift in Sources */,
				A6C45C091DA3882B00FC57D5 /* FomoId.swift in Sources */,
				A625EA7F1C8AF07F00B35D80 /* ListEventsNetworkWorker.swift in Sources */,
				A625EA7A1C8AEEAB00B35D80 /* ListEventsInteractorIO.swift in Sources */,
				A6AAD3DE1D258E570097AF22 /* DirectoryCacheWorker.swift in Sources */,
				A67796B31DADE651003FBCE6 /* NewsWireframe.swift in Sources */,
				A6ABE5351D3AB9A600EF3D11 /* ListEventsPresenter.swift in Sources */,
				A6AAD3E41D258FD80097AF22 /* SourcePage.swift in Sources */,
				A6E10C641DB44F5C007854F8 /* DirectoryNetworkWorker.swift in Sources */,
				A6AAD3FC1D25B6D30097AF22 /* GAEISO8601DateTransform.swift in Sources */,
				A68183DA1D2AFFB900E45D35 /* ListEventsTableViewController.swift in Sources */,
				A65CEE501DB5C5EF0059EF52 /* NewsInteractorOutput.swift in Sources */,
				A6E10C621DB41643007854F8 /* DirectoryTableViewCell.swift in Sources */,
				A6C04F741DB456D90009C9BF /* DirectoryInteractorOutput.swift in Sources */,
			);
			runOnlyForDeploymentPostprocessing = 0;
		};
		A63B32A21C68AFA400C46020 /* Sources */ = {
			isa = PBXSourcesBuildPhase;
			buildActionMask = 2147483647;
			files = (
				A698B6FB1D2589F8003494A3 /* AppDelegate.swift in Sources */,
				A6AAD3F81D25B6D10097AF22 /* GAEISO8601DateTransform.swift in Sources */,
				A6AAD3F41D25A6620097AF22 /* DiscoveredEvent.swift in Sources */,
				A6AAD3F01D25A5E90097AF22 /* SourcePage.swift in Sources */,
			);
			runOnlyForDeploymentPostprocessing = 0;
		};
		A69DBF4B1C8AE4D8005064F7 /* Sources */ = {
			isa = PBXSourcesBuildPhase;
			buildActionMask = 2147483647;
			files = (
				A625EA801C8AF09200B35D80 /* ListEventsNetworkWorker.swift in Sources */,
				A6AAD3F71D25B64D0097AF22 /* GAEISO8601DateTransform.swift in Sources */,
				A68183D51D2ADD6200E45D35 /* ListEventsTableViewControllerTests.swift in Sources */,
				A6C45C0A1DA3898C00FC57D5 /* FomoId.swift in Sources */,
				A68183DE1D2B009E00E45D35 /* ListEventsModels.swift in Sources */,
				A6ABE5371D3ABFCC00EF3D11 /* ListEventsPresenter.swift in Sources */,
				A636934F1D3A4CE100808DC5 /* ListEventsProtocols.swift in Sources */,
				A636D26D1D0C88FF00FB9C62 /* DiscoveredEventTest.swift in Sources */,
				A625EA811C8AF14200B35D80 /* ListEventsInteractorIO.swift in Sources */,
				A6A6759C1C943AED00FAD755 /* ListEventsCacheWorker.swift in Sources */,
				A618ED871DB3FE4A00281C17 /* DirectoryViewControllerTests.swift in Sources */,
				A65CEE4E1DB5C56B0059EF52 /* NewsPresenterTests.swift in Sources */,
				A6AAD3FE1D25B7E90097AF22 /* DiscoveredEventsResponseTests.swift in Sources */,
				A6C45C071DA386E600FC57D5 /* FomoIdTest.swift in Sources */,
				A65CEE441DB4B0440059EF52 /* DiscoveredEventsResponse.swift in Sources */,
				A636934D1D3A4CD900808DC5 /* ListEventsTableViewController.swift in Sources */,
				A6C04F721DB454730009C9BF /* DirectoryPresenterTests.swift in Sources */,
				A69DBF591C8AE8E3005064F7 /* ListEventsInteractorTests.swift in Sources */,
				A6AAD3E11D258F0D0097AF22 /* ClientPageDataTest.swift in Sources */,
				A625EA7D1C8AF02600B35D80 /* ListEventsInteractor.swift in Sources */,
				A65CEE461DB5C4790059EF52 /* NewsViewControllerTests.swift in Sources */,
				A6C04F691DB450A40009C9BF /* DirectoryInteractorTests.swift in Sources */,
				A66DC3961CF395E000ED636B /* Tests.swift in Sources */,
				A6AAD3F51D25A6630097AF22 /* DiscoveredEvent.swift in Sources */,
				A636D2761D0C8A9A00FB9C62 /* SourcePageTest.swift in Sources */,
				A66DC39C1CF398DB00ED636B /* DirectoryCacheWorkerTests.swift in Sources */,
				A6ABE5361D3ABC3300EF3D11 /* DiscoveredEventTableViewCell.swift in Sources */,
				A636D2741D0C8A8700FB9C62 /* SourcePage.swift in Sources */,
				A6ABE5331D3AB60200EF3D11 /* ListEventsPresenterTests.swift in Sources */,
			);
			runOnlyForDeploymentPostprocessing = 0;
		};
		A6C613071A91492500A5F082 /* Sources */ = {
			isa = PBXSourcesBuildPhase;
			buildActionMask = 2147483647;
			files = (
				A698B6F81D2589F7003494A3 /* AppDelegate.swift in Sources */,
				A6AAD3FB1D25B6D20097AF22 /* GAEISO8601DateTransform.swift in Sources */,
				A6AAD3F11D25A6600097AF22 /* DiscoveredEvent.swift in Sources */,
				A6AAD3ED1D25A5E80097AF22 /* SourcePage.swift in Sources */,
			);
			runOnlyForDeploymentPostprocessing = 0;
		};
/* End PBXSourcesBuildPhase section */

/* Begin PBXTargetDependency section */
		A69DBF551C8AE4D8005064F7 /* PBXTargetDependency */ = {
			isa = PBXTargetDependency;
			target = A62BD6181B9E1C4500E928E5 /* FOMO UCD */;
			targetProxy = A69DBF541C8AE4D8005064F7 /* PBXContainerItemProxy */;
		};
/* End PBXTargetDependency section */

/* Begin PBXVariantGroup section */
		A6141D611BB9F507003150F1 /* LaunchScreenTCD.xib */ = {
			isa = PBXVariantGroup;
			children = (
				A6141D621BB9F507003150F1 /* Base */,
			);
			name = LaunchScreenTCD.xib;
			sourceTree = "<group>";
		};
		A6141D631BB9F507003150F1 /* LaunchScreenUCC.xib */ = {
			isa = PBXVariantGroup;
			children = (
				A6141D641BB9F507003150F1 /* Base */,
			);
			name = LaunchScreenUCC.xib;
			sourceTree = "<group>";
		};
		A6141D651BB9F507003150F1 /* LaunchScreenUCD.xib */ = {
			isa = PBXVariantGroup;
			children = (
				A6141D661BB9F507003150F1 /* Base */,
			);
			name = LaunchScreenUCD.xib;
			sourceTree = "<group>";
		};
		A6C6131D1A91492500A5F082 /* LaunchScreenNUIG.xib */ = {
			isa = PBXVariantGroup;
			children = (
				A6C6131E1A91492500A5F082 /* Base */,
			);
			name = LaunchScreenNUIG.xib;
			sourceTree = "<group>";
		};
/* End PBXVariantGroup section */

/* Begin XCBuildConfiguration section */
		A6141D5D1BB9F44F003150F1 /* Debug */ = {
			isa = XCBuildConfiguration;
			buildSettings = {
				ASSETCATALOG_COMPILER_APPICON_NAME = AppIconTCD;
				CODE_SIGN_IDENTITY = "iPhone Developer";
				"CODE_SIGN_IDENTITY[sdk=iphoneos*]" = "iPhone Developer";
				GCC_PREPROCESSOR_DEFINITIONS = (
					"$(inherited)",
					"COCOAPODS=1",
					"DISABLE_PUSH_NOTIFICATIONS=1",
				);
				INFOPLIST_FILE = "$(SRCROOT)/SortonsEvents/Info.plist";
				IPHONEOS_DEPLOYMENT_TARGET = 9.0;
				LD_RUNPATH_SEARCH_PATHS = "$(inherited) @executable_path/Frameworks";
				LIBRARY_SEARCH_PATHS = (
					"$(inherited)",
					"$(PROJECT_DIR)/build/Debug-iphoneos",
				);
				PRODUCT_BUNDLE_IDENTIFIER = ie.sortons.events.tcd;
				PRODUCT_NAME = "$(TARGET_NAME)";
				PROVISIONING_PROFILE = "";
				TARGETED_DEVICE_FAMILY = "1,2";
			};
			name = Debug;
		};
		A6141D5E1BB9F44F003150F1 /* Release */ = {
			isa = XCBuildConfiguration;
			buildSettings = {
				ASSETCATALOG_COMPILER_APPICON_NAME = AppIconTCD;
				CODE_SIGN_IDENTITY = "iPhone Developer";
				"CODE_SIGN_IDENTITY[sdk=iphoneos*]" = "iPhone Developer";
				GCC_PREPROCESSOR_DEFINITIONS = (
					"$(inherited)",
					"COCOAPODS=1",
					"DISABLE_PUSH_NOTIFICATIONS=1",
				);
				INFOPLIST_FILE = "$(SRCROOT)/SortonsEvents/Info.plist";
				IPHONEOS_DEPLOYMENT_TARGET = 9.0;
				LD_RUNPATH_SEARCH_PATHS = "$(inherited) @executable_path/Frameworks";
				LIBRARY_SEARCH_PATHS = (
					"$(inherited)",
					"$(PROJECT_DIR)/build/Debug-iphoneos",
				);
				PRODUCT_BUNDLE_IDENTIFIER = ie.sortons.events.tcd;
				PRODUCT_NAME = "$(TARGET_NAME)";
				PROVISIONING_PROFILE = "";
				TARGETED_DEVICE_FAMILY = "1,2";
			};
			name = Release;
		};
		A6141D891BB9F537003150F1 /* Debug */ = {
			isa = XCBuildConfiguration;
			buildSettings = {
				ASSETCATALOG_COMPILER_APPICON_NAME = AppIconUCC;
				CODE_SIGN_IDENTITY = "iPhone Developer";
				"CODE_SIGN_IDENTITY[sdk=iphoneos*]" = "iPhone Developer";
				DEVELOPMENT_TEAM = 3RM6H33EW7;
				GCC_PREPROCESSOR_DEFINITIONS = (
					"$(inherited)",
					"COCOAPODS=1",
					"DISABLE_PUSH_NOTIFICATIONS=1",
				);
				INFOPLIST_FILE = "$(SRCROOT)/SortonsEvents/Info.plist";
				IPHONEOS_DEPLOYMENT_TARGET = 9.0;
				LD_RUNPATH_SEARCH_PATHS = "$(inherited) @executable_path/Frameworks";
				LIBRARY_SEARCH_PATHS = (
					"$(inherited)",
					"$(PROJECT_DIR)/build/Debug-iphoneos",
				);
				PRODUCT_BUNDLE_IDENTIFIER = ie.sortons.events.ucc;
				PRODUCT_NAME = "$(TARGET_NAME)";
				PROVISIONING_PROFILE = "";
				TARGETED_DEVICE_FAMILY = "1,2";
			};
			name = Debug;
		};
		A6141D8A1BB9F537003150F1 /* Release */ = {
			isa = XCBuildConfiguration;
			buildSettings = {
				ASSETCATALOG_COMPILER_APPICON_NAME = AppIconUCC;
				CODE_SIGN_IDENTITY = "iPhone Developer";
				"CODE_SIGN_IDENTITY[sdk=iphoneos*]" = "iPhone Developer";
				DEVELOPMENT_TEAM = 3RM6H33EW7;
				GCC_PREPROCESSOR_DEFINITIONS = (
					"$(inherited)",
					"COCOAPODS=1",
					"DISABLE_PUSH_NOTIFICATIONS=1",
				);
				INFOPLIST_FILE = "$(SRCROOT)/SortonsEvents/Info.plist";
				IPHONEOS_DEPLOYMENT_TARGET = 9.0;
				LD_RUNPATH_SEARCH_PATHS = "$(inherited) @executable_path/Frameworks";
				LIBRARY_SEARCH_PATHS = (
					"$(inherited)",
					"$(PROJECT_DIR)/build/Debug-iphoneos",
				);
				PRODUCT_BUNDLE_IDENTIFIER = ie.sortons.events.ucc;
				PRODUCT_NAME = "$(TARGET_NAME)";
				PROVISIONING_PROFILE = "";
				TARGETED_DEVICE_FAMILY = "1,2";
			};
			name = Release;
		};
		A62BD6351B9E1C4500E928E5 /* Debug */ = {
			isa = XCBuildConfiguration;
			baseConfigurationReference = ADF337C1B6FA9DC422E3EB24 /* Pods-FOMO UCD.debug.xcconfig */;
			buildSettings = {
				ALWAYS_EMBED_SWIFT_STANDARD_LIBRARIES = YES;
				ASSETCATALOG_COMPILER_APPICON_NAME = AppIconUCD;
				CODE_SIGN_IDENTITY = "iPhone Developer";
				"CODE_SIGN_IDENTITY[sdk=iphoneos*]" = "iPhone Developer";
				GCC_PREPROCESSOR_DEFINITIONS = (
					"$(inherited)",
					"COCOAPODS=1",
					"DISABLE_PUSH_NOTIFICATIONS=1",
				);
				INFOPLIST_FILE = "$(SRCROOT)/SortonsEvents/Info.plist";
				IPHONEOS_DEPLOYMENT_TARGET = 9.0;
				LD_RUNPATH_SEARCH_PATHS = "$(inherited) @executable_path/Frameworks";
				LIBRARY_SEARCH_PATHS = (
					"$(inherited)",
					"$(PROJECT_DIR)/build/Debug-iphoneos",
				);
				"LIBRARY_SEARCH_PATHS[arch=*]" = (
					"$(inherited)",
					"$(PROJECT_DIR)/build/Debug-iphoneos",
				);
				PRODUCT_BUNDLE_IDENTIFIER = ie.sortons.events.ucd;
				PRODUCT_NAME = "FOMO UCD";
				PROVISIONING_PROFILE = "";
				SWIFT_OPTIMIZATION_LEVEL = "-Onone";
				SWIFT_VERSION = 3.0;
				TARGETED_DEVICE_FAMILY = "1,2";
			};
			name = Debug;
		};
		A62BD6361B9E1C4500E928E5 /* Release */ = {
			isa = XCBuildConfiguration;
			baseConfigurationReference = BBB7A952895502086AFADDB9 /* Pods-FOMO UCD.release.xcconfig */;
			buildSettings = {
				ALWAYS_EMBED_SWIFT_STANDARD_LIBRARIES = YES;
				ASSETCATALOG_COMPILER_APPICON_NAME = AppIconUCD;
				CODE_SIGN_IDENTITY = "iPhone Developer";
				"CODE_SIGN_IDENTITY[sdk=iphoneos*]" = "iPhone Developer";
				GCC_PREPROCESSOR_DEFINITIONS = (
					"$(inherited)",
					"COCOAPODS=1",
					"DISABLE_PUSH_NOTIFICATIONS=1",
				);
				INFOPLIST_FILE = "$(SRCROOT)/SortonsEvents/Info.plist";
				IPHONEOS_DEPLOYMENT_TARGET = 9.0;
				LD_RUNPATH_SEARCH_PATHS = "$(inherited) @executable_path/Frameworks";
				LIBRARY_SEARCH_PATHS = (
					"$(inherited)",
					"$(PROJECT_DIR)/build/Debug-iphoneos",
				);
				"LIBRARY_SEARCH_PATHS[arch=*]" = (
					"$(inherited)",
					"$(PROJECT_DIR)/build/Debug-iphoneos",
				);
				PRODUCT_BUNDLE_IDENTIFIER = ie.sortons.events.ucd;
				PRODUCT_NAME = "FOMO UCD";
				PROVISIONING_PROFILE = "";
				SWIFT_VERSION = 3.0;
				TARGETED_DEVICE_FAMILY = "1,2";
			};
			name = Release;
		};
		A63B32BD1C68AFA400C46020 /* Debug */ = {
			isa = XCBuildConfiguration;
			buildSettings = {
				ASSETCATALOG_COMPILER_APPICON_NAME = AppIconDCU;
				CODE_SIGN_IDENTITY = "iPhone Developer";
				"CODE_SIGN_IDENTITY[sdk=iphoneos*]" = "iPhone Developer";
				DEVELOPMENT_TEAM = 3RM6H33EW7;
				GCC_PREPROCESSOR_DEFINITIONS = (
					"$(inherited)",
					"COCOAPODS=1",
					"DISABLE_PUSH_NOTIFICATIONS=1",
				);
				INFOPLIST_FILE = "FOMO NUIG copy-Info.plist";
				IPHONEOS_DEPLOYMENT_TARGET = 9.0;
				LD_RUNPATH_SEARCH_PATHS = "$(inherited) @executable_path/Frameworks";
				LIBRARY_SEARCH_PATHS = (
					"$(inherited)",
					"$(PROJECT_DIR)/build/Debug-iphoneos",
				);
				"LIBRARY_SEARCH_PATHS[arch=*]" = "$(inherited)";
				PRODUCT_BUNDLE_IDENTIFIER = ie.sortons.events.dcu;
				PRODUCT_NAME = "$(TARGET_NAME)";
				PROVISIONING_PROFILE = "";
				TARGETED_DEVICE_FAMILY = "1,2";
			};
			name = Debug;
		};
		A63B32BE1C68AFA400C46020 /* Release */ = {
			isa = XCBuildConfiguration;
			buildSettings = {
				ASSETCATALOG_COMPILER_APPICON_NAME = AppIconDCU;
				CODE_SIGN_IDENTITY = "iPhone Developer";
				"CODE_SIGN_IDENTITY[sdk=iphoneos*]" = "iPhone Developer";
				DEVELOPMENT_TEAM = 3RM6H33EW7;
				GCC_PREPROCESSOR_DEFINITIONS = (
					"$(inherited)",
					"COCOAPODS=1",
					"DISABLE_PUSH_NOTIFICATIONS=1",
				);
				INFOPLIST_FILE = "FOMO NUIG copy-Info.plist";
				IPHONEOS_DEPLOYMENT_TARGET = 9.0;
				LD_RUNPATH_SEARCH_PATHS = "$(inherited) @executable_path/Frameworks";
				LIBRARY_SEARCH_PATHS = (
					"$(inherited)",
					"$(PROJECT_DIR)/build/Debug-iphoneos",
				);
				"LIBRARY_SEARCH_PATHS[arch=*]" = "$(inherited)";
				PRODUCT_BUNDLE_IDENTIFIER = ie.sortons.events.dcu;
				PRODUCT_NAME = "$(TARGET_NAME)";
				PROVISIONING_PROFILE = "";
				TARGETED_DEVICE_FAMILY = "1,2";
			};
			name = Release;
		};
		A69DBF571C8AE4D9005064F7 /* Debug */ = {
			isa = XCBuildConfiguration;
			baseConfigurationReference = 786DDF9E2A825C011E1D3806 /* Pods-SortonsEventsTests.debug.xcconfig */;
			buildSettings = {
				ALWAYS_EMBED_SWIFT_STANDARD_LIBRARIES = YES;
				BUNDLE_LOADER = "$(TEST_HOST)";
				DEBUG_INFORMATION_FORMAT = dwarf;
				GCC_NO_COMMON_BLOCKS = YES;
				INFOPLIST_FILE = SortonsEventsTests/Info.plist;
				IPHONEOS_DEPLOYMENT_TARGET = 9.2;
				LD_RUNPATH_SEARCH_PATHS = "$(inherited) @executable_path/Frameworks @loader_path/Frameworks";
				PRODUCT_BUNDLE_IDENTIFIER = ie.sortons.SortonsEventsTests;
				PRODUCT_MODULE_NAME = SortonsEventsTests;
				PRODUCT_NAME = "$(TARGET_NAME)";
				SWIFT_OPTIMIZATION_LEVEL = "-Onone";
				SWIFT_VERSION = 3.0;
				TEST_HOST = "$(BUILT_PRODUCTS_DIR)/FOMO UCD.app/FOMO UCD";
			};
			name = Debug;
		};
		A69DBF581C8AE4D9005064F7 /* Release */ = {
			isa = XCBuildConfiguration;
			baseConfigurationReference = A4B45A6EE4E167955EE9B517 /* Pods-SortonsEventsTests.release.xcconfig */;
			buildSettings = {
				ALWAYS_EMBED_SWIFT_STANDARD_LIBRARIES = YES;
				BUNDLE_LOADER = "$(TEST_HOST)";
				COPY_PHASE_STRIP = NO;
				DEBUG_INFORMATION_FORMAT = "dwarf-with-dsym";
				GCC_NO_COMMON_BLOCKS = YES;
				INFOPLIST_FILE = SortonsEventsTests/Info.plist;
				IPHONEOS_DEPLOYMENT_TARGET = 9.2;
				LD_RUNPATH_SEARCH_PATHS = "$(inherited) @executable_path/Frameworks @loader_path/Frameworks";
				PRODUCT_BUNDLE_IDENTIFIER = ie.sortons.SortonsEventsTests;
				PRODUCT_MODULE_NAME = SortonsEventsTests;
				PRODUCT_NAME = "$(TARGET_NAME)";
				SWIFT_VERSION = 3.0;
				TEST_HOST = "$(BUILT_PRODUCTS_DIR)/FOMO UCD.app/FOMO UCD";
			};
			name = Release;
		};
		A6C6132C1A91492500A5F082 /* Debug */ = {
			isa = XCBuildConfiguration;
			buildSettings = {
				ALWAYS_SEARCH_USER_PATHS = NO;
				CLANG_CXX_LANGUAGE_STANDARD = "gnu++0x";
				CLANG_CXX_LIBRARY = "libc++";
				CLANG_ENABLE_MODULES = YES;
				CLANG_ENABLE_OBJC_ARC = YES;
				CLANG_WARN_BOOL_CONVERSION = YES;
				CLANG_WARN_CONSTANT_CONVERSION = YES;
				CLANG_WARN_DIRECT_OBJC_ISA_USAGE = YES_ERROR;
				CLANG_WARN_EMPTY_BODY = YES;
				CLANG_WARN_ENUM_CONVERSION = YES;
				CLANG_WARN_INFINITE_RECURSION = YES;
				CLANG_WARN_INT_CONVERSION = YES;
				CLANG_WARN_OBJC_ROOT_CLASS = YES_ERROR;
				CLANG_WARN_SUSPICIOUS_MOVE = YES;
				CLANG_WARN_UNREACHABLE_CODE = YES;
				CLANG_WARN__DUPLICATE_METHOD_MATCH = YES;
				"CODE_SIGN_IDENTITY[sdk=iphoneos*]" = "iPhone Developer";
				COPY_PHASE_STRIP = NO;
				DEFINES_MODULE = YES;
				ENABLE_STRICT_OBJC_MSGSEND = YES;
				ENABLE_TESTABILITY = YES;
				GCC_C_LANGUAGE_STANDARD = gnu99;
				GCC_DYNAMIC_NO_PIC = NO;
				GCC_NO_COMMON_BLOCKS = YES;
				GCC_OPTIMIZATION_LEVEL = 0;
				GCC_PREPROCESSOR_DEFINITIONS = (
					"DEBUG=1",
					"$(inherited)",
				);
				GCC_SYMBOLS_PRIVATE_EXTERN = NO;
				GCC_WARN_64_TO_32_BIT_CONVERSION = YES;
				GCC_WARN_ABOUT_RETURN_TYPE = YES_ERROR;
				GCC_WARN_UNDECLARED_SELECTOR = YES;
				GCC_WARN_UNINITIALIZED_AUTOS = YES_AGGRESSIVE;
				GCC_WARN_UNUSED_FUNCTION = YES;
				GCC_WARN_UNUSED_VARIABLE = YES;
				IPHONEOS_DEPLOYMENT_TARGET = 9.0;
				"LIBRARY_SEARCH_PATHS[arch=*]" = "$(inherited)";
				MTL_ENABLE_DEBUG_INFO = YES;
				ONLY_ACTIVE_ARCH = YES;
				PRODUCT_MODULE_NAME = SortonsEvents;
				SDKROOT = iphoneos;
				TARGETED_DEVICE_FAMILY = "1,2";
			};
			name = Debug;
		};
		A6C6132D1A91492500A5F082 /* Release */ = {
			isa = XCBuildConfiguration;
			buildSettings = {
				ALWAYS_SEARCH_USER_PATHS = NO;
				CLANG_CXX_LANGUAGE_STANDARD = "gnu++0x";
				CLANG_CXX_LIBRARY = "libc++";
				CLANG_ENABLE_MODULES = YES;
				CLANG_ENABLE_OBJC_ARC = YES;
				CLANG_WARN_BOOL_CONVERSION = YES;
				CLANG_WARN_CONSTANT_CONVERSION = YES;
				CLANG_WARN_DIRECT_OBJC_ISA_USAGE = YES_ERROR;
				CLANG_WARN_EMPTY_BODY = YES;
				CLANG_WARN_ENUM_CONVERSION = YES;
				CLANG_WARN_INFINITE_RECURSION = YES;
				CLANG_WARN_INT_CONVERSION = YES;
				CLANG_WARN_OBJC_ROOT_CLASS = YES_ERROR;
				CLANG_WARN_SUSPICIOUS_MOVE = YES;
				CLANG_WARN_UNREACHABLE_CODE = YES;
				CLANG_WARN__DUPLICATE_METHOD_MATCH = YES;
				"CODE_SIGN_IDENTITY[sdk=iphoneos*]" = "iPhone Developer";
				COPY_PHASE_STRIP = YES;
				DEFINES_MODULE = YES;
				ENABLE_NS_ASSERTIONS = NO;
				ENABLE_STRICT_OBJC_MSGSEND = YES;
				GCC_C_LANGUAGE_STANDARD = gnu99;
				GCC_NO_COMMON_BLOCKS = YES;
				GCC_WARN_64_TO_32_BIT_CONVERSION = YES;
				GCC_WARN_ABOUT_RETURN_TYPE = YES_ERROR;
				GCC_WARN_UNDECLARED_SELECTOR = YES;
				GCC_WARN_UNINITIALIZED_AUTOS = YES_AGGRESSIVE;
				GCC_WARN_UNUSED_FUNCTION = YES;
				GCC_WARN_UNUSED_VARIABLE = YES;
				IPHONEOS_DEPLOYMENT_TARGET = 9.0;
				"LIBRARY_SEARCH_PATHS[arch=*]" = "$(inherited)";
				MTL_ENABLE_DEBUG_INFO = NO;
				PRODUCT_MODULE_NAME = SortonsEvents;
				SDKROOT = iphoneos;
				SWIFT_OPTIMIZATION_LEVEL = "-Owholemodule";
				TARGETED_DEVICE_FAMILY = "1,2";
				VALIDATE_PRODUCT = YES;
			};
			name = Release;
		};
		A6C6132F1A91492500A5F082 /* Debug */ = {
			isa = XCBuildConfiguration;
			buildSettings = {
				ASSETCATALOG_COMPILER_APPICON_NAME = AppIconNUIG;
				CODE_SIGN_IDENTITY = "iPhone Developer";
				"CODE_SIGN_IDENTITY[sdk=iphoneos*]" = "iPhone Developer";
				GCC_PREPROCESSOR_DEFINITIONS = (
					"$(inherited)",
					"COCOAPODS=1",
					"DISABLE_PUSH_NOTIFICATIONS=1",
				);
				INFOPLIST_FILE = SortonsEvents/Info.plist;
				IPHONEOS_DEPLOYMENT_TARGET = 9.0;
				LD_RUNPATH_SEARCH_PATHS = "$(inherited) @executable_path/Frameworks";
				LIBRARY_SEARCH_PATHS = (
					"$(inherited)",
					"$(PROJECT_DIR)/build/Debug-iphoneos",
				);
				"LIBRARY_SEARCH_PATHS[arch=*]" = "$(inherited)";
				PRODUCT_BUNDLE_IDENTIFIER = ie.sortons.events.nuig;
				PRODUCT_NAME = SortonsEvents;
				PROVISIONING_PROFILE = "";
				TARGETED_DEVICE_FAMILY = "1,2";
			};
			name = Debug;
		};
		A6C613301A91492500A5F082 /* Release */ = {
			isa = XCBuildConfiguration;
			buildSettings = {
				ASSETCATALOG_COMPILER_APPICON_NAME = AppIconNUIG;
				CODE_SIGN_IDENTITY = "iPhone Developer";
				"CODE_SIGN_IDENTITY[sdk=iphoneos*]" = "iPhone Developer";
				GCC_PREPROCESSOR_DEFINITIONS = (
					"$(inherited)",
					"COCOAPODS=1",
					"DISABLE_PUSH_NOTIFICATIONS=1",
				);
				INFOPLIST_FILE = SortonsEvents/Info.plist;
				IPHONEOS_DEPLOYMENT_TARGET = 9.0;
				LD_RUNPATH_SEARCH_PATHS = "$(inherited) @executable_path/Frameworks";
				LIBRARY_SEARCH_PATHS = (
					"$(inherited)",
					"$(PROJECT_DIR)/build/Debug-iphoneos",
				);
				"LIBRARY_SEARCH_PATHS[arch=*]" = "$(inherited)";
				PRODUCT_BUNDLE_IDENTIFIER = ie.sortons.events.nuig;
				PRODUCT_NAME = SortonsEvents;
				PROVISIONING_PROFILE = "";
				TARGETED_DEVICE_FAMILY = "1,2";
			};
			name = Release;
		};
/* End XCBuildConfiguration section */

/* Begin XCConfigurationList section */
		A6141D5C1BB9F44F003150F1 /* Build configuration list for PBXNativeTarget "FOMO TCD" */ = {
			isa = XCConfigurationList;
			buildConfigurations = (
				A6141D5D1BB9F44F003150F1 /* Debug */,
				A6141D5E1BB9F44F003150F1 /* Release */,
			);
			defaultConfigurationIsVisible = 0;
			defaultConfigurationName = Release;
		};
		A6141D881BB9F537003150F1 /* Build configuration list for PBXNativeTarget "FOMO UCC" */ = {
			isa = XCConfigurationList;
			buildConfigurations = (
				A6141D891BB9F537003150F1 /* Debug */,
				A6141D8A1BB9F537003150F1 /* Release */,
			);
			defaultConfigurationIsVisible = 0;
			defaultConfigurationName = Release;
		};
		A62BD6341B9E1C4500E928E5 /* Build configuration list for PBXNativeTarget "FOMO UCD" */ = {
			isa = XCConfigurationList;
			buildConfigurations = (
				A62BD6351B9E1C4500E928E5 /* Debug */,
				A62BD6361B9E1C4500E928E5 /* Release */,
			);
			defaultConfigurationIsVisible = 0;
			defaultConfigurationName = Release;
		};
		A63B32BC1C68AFA400C46020 /* Build configuration list for PBXNativeTarget "FOMO DCU" */ = {
			isa = XCConfigurationList;
			buildConfigurations = (
				A63B32BD1C68AFA400C46020 /* Debug */,
				A63B32BE1C68AFA400C46020 /* Release */,
			);
			defaultConfigurationIsVisible = 0;
			defaultConfigurationName = Release;
		};
		A69DBF561C8AE4D9005064F7 /* Build configuration list for PBXNativeTarget "SortonsEventsTests" */ = {
			isa = XCConfigurationList;
			buildConfigurations = (
				A69DBF571C8AE4D9005064F7 /* Debug */,
				A69DBF581C8AE4D9005064F7 /* Release */,
			);
			defaultConfigurationIsVisible = 0;
			defaultConfigurationName = Release;
		};
		A6C613061A91492500A5F082 /* Build configuration list for PBXProject "SortonsEvents" */ = {
			isa = XCConfigurationList;
			buildConfigurations = (
				A6C6132C1A91492500A5F082 /* Debug */,
				A6C6132D1A91492500A5F082 /* Release */,
			);
			defaultConfigurationIsVisible = 0;
			defaultConfigurationName = Release;
		};
		A6C6132E1A91492500A5F082 /* Build configuration list for PBXNativeTarget "FOMO NUIG" */ = {
			isa = XCConfigurationList;
			buildConfigurations = (
				A6C6132F1A91492500A5F082 /* Debug */,
				A6C613301A91492500A5F082 /* Release */,
			);
			defaultConfigurationIsVisible = 0;
			defaultConfigurationName = Release;
		};
/* End XCConfigurationList section */
	};
	rootObject = A6C613031A91492500A5F082 /* Project object */;
}
