PODS:
  - Alamofire (4.0.1)
  - AlamofireImage (3.0.0):
    - Alamofire (~> 4.0)
  - ObjectMapper (2.0.0)

DEPENDENCIES:
  - Alamofire (~> 4.0)
  - AlamofireImage (~> 3.0)
  - ObjectMapper (~> 2.0)

SPEC CHECKSUMS:
  Alamofire: 7682d43245de14874acd142ec137b144aa1dd335
  AlamofireImage: 6594aa1139a67dcd36cde6da79ea4e5b318e60fb
  ObjectMapper: aed2570edabbd3c9b26c939e1cabdb6558f933e0

PODFILE CHECKSUM: 3d3d46445d920195086d0ab2718c1328ba8f07ea

COCOAPODS: 1.0.1
