PODS:
  - Alamofire (4.2.0)
  - AlamofireImage (3.2.0):
    - Alamofire (~> 4.1)
  - Crashlytics (3.8.3):
    - Fabric (~> 1.6.3)
  - Fabric (1.6.11)
  - ObjectMapper (2.2.1)
  - SLPagingViewSwift-Swift3 (1.0.0)

DEPENDENCIES:
  - Alamofire (from `https://github.com/Alamofire/Alamofire.git`)
  - AlamofireImage (from `https://github.com/Alamofire/AlamofireImage.git`)
  - Crashlytics
  - Fabric
  - ObjectMapper (from `https://github.com/Hearst-DD/ObjectMapper.git`)
  - SLPagingViewSwift-Swift3 (from `https://github.com/davidseek/SLPagingViewSwift-Swift-3-Tinder-Twitter.git`)

EXTERNAL SOURCES:
  Alamofire:
    :git: https://github.com/Alamofire/Alamofire.git
  AlamofireImage:
    :git: https://github.com/Alamofire/AlamofireImage.git
  ObjectMapper:
    :git: https://github.com/Hearst-DD/ObjectMapper.git
  SLPagingViewSwift-Swift3:
    :git: https://github.com/davidseek/SLPagingViewSwift-Swift-3-Tinder-Twitter.git

CHECKOUT OPTIONS:
  Alamofire:
    :commit: 7a17b1d4b558a172d571a9d2b1cd81e190586027
    :git: https://github.com/Alamofire/Alamofire.git
  AlamofireImage:
    :commit: a4d4c0e36c3f17a80ad89687348bedbc523bba11
    :git: https://github.com/Alamofire/AlamofireImage.git
  ObjectMapper:
    :commit: 5d821dce17e903c812e0d0f56f70bfc9eeed13f6
    :git: https://github.com/Hearst-DD/ObjectMapper.git
  SLPagingViewSwift-Swift3:
    :commit: 6314e85721f0bb17217aab16cad3fca2026065a8
    :git: https://github.com/davidseek/SLPagingViewSwift-Swift-3-Tinder-Twitter.git

SPEC CHECKSUMS:
  Alamofire: 26d8877ec03b4e6e6cbfbf7c03924b4844a2d453
  AlamofireImage: 0ff319da83d6abb78a661d7296e742e7f65e15f5
  Crashlytics: 2b6dbe138a42395577cfa73dfa1aa7248cadf39e
  Fabric: 5911403591946b8228ab1c51d98f1d7137e863c6
  ObjectMapper: 41e43e1a89f8060ef5ea5d04ba852e269a621d68
  SLPagingViewSwift-Swift3: 52ccbe21930f5700f5eacccafff0a712f57d8d67

PODFILE CHECKSUM: c8e17820ce1122854505c6b30878ccffaa149237

COCOAPODS: 1.1.1
